// !$*UTF8*$!
{
	archiveVersion = 1;
	classes = {
	};
	objectVersion = 46;
	objects = {

/* Begin PBXAggregateTarget section */
		"TMDBKit::TMDBKitPackageTests::ProductTarget" /* TMDBKitPackageTests */ = {
			isa = PBXAggregateTarget;
			buildConfigurationList = OBJ_336 /* Build configuration list for PBXAggregateTarget "TMDBKitPackageTests" */;
			buildPhases = (
			);
			dependencies = (
				OBJ_339 /* PBXTargetDependency */,
			);
			name = TMDBKitPackageTests;
			productName = TMDBKitPackageTests;
		};
/* End PBXAggregateTarget section */

/* Begin PBXBuildFile section */
		25D3CD54237E97E200DE5D38 /* TaggedImageResponse.swift in Sources */ = {isa = PBXBuildFile; fileRef = 25D3CD52237E966C00DE5D38 /* TaggedImageResponse.swift */; };
		25D3CD57237EF9AC00DE5D38 /* Media.swift in Sources */ = {isa = PBXBuildFile; fileRef = 25D3CD56237EF9AC00DE5D38 /* Media.swift */; };
		OBJ_177 /* AdapterProtocols.swift in Sources */ = {isa = PBXBuildFile; fileRef = OBJ_88 /* AdapterProtocols.swift */; };
		OBJ_178 /* AssertionDispatcher.swift in Sources */ = {isa = PBXBuildFile; fileRef = OBJ_89 /* AssertionDispatcher.swift */; };
		OBJ_179 /* AssertionRecorder.swift in Sources */ = {isa = PBXBuildFile; fileRef = OBJ_90 /* AssertionRecorder.swift */; };
		OBJ_180 /* NMBExpectation.swift in Sources */ = {isa = PBXBuildFile; fileRef = OBJ_91 /* NMBExpectation.swift */; };
		OBJ_181 /* NMBObjCMatcher.swift in Sources */ = {isa = PBXBuildFile; fileRef = OBJ_92 /* NMBObjCMatcher.swift */; };
		OBJ_182 /* NimbleEnvironment.swift in Sources */ = {isa = PBXBuildFile; fileRef = OBJ_93 /* NimbleEnvironment.swift */; };
		OBJ_183 /* NimbleXCTestHandler.swift in Sources */ = {isa = PBXBuildFile; fileRef = OBJ_94 /* NimbleXCTestHandler.swift */; };
		OBJ_184 /* ExceptionCapture.swift in Sources */ = {isa = PBXBuildFile; fileRef = OBJ_96 /* ExceptionCapture.swift */; };
		OBJ_185 /* DSL+Wait.swift in Sources */ = {isa = PBXBuildFile; fileRef = OBJ_97 /* DSL+Wait.swift */; };
		OBJ_186 /* DSL.swift in Sources */ = {isa = PBXBuildFile; fileRef = OBJ_98 /* DSL.swift */; };
		OBJ_187 /* Expectation.swift in Sources */ = {isa = PBXBuildFile; fileRef = OBJ_99 /* Expectation.swift */; };
		OBJ_188 /* ExpectationMessage.swift in Sources */ = {isa = PBXBuildFile; fileRef = OBJ_100 /* ExpectationMessage.swift */; };
		OBJ_189 /* Expression.swift in Sources */ = {isa = PBXBuildFile; fileRef = OBJ_101 /* Expression.swift */; };
		OBJ_190 /* FailureMessage.swift in Sources */ = {isa = PBXBuildFile; fileRef = OBJ_102 /* FailureMessage.swift */; };
		OBJ_191 /* AllPass.swift in Sources */ = {isa = PBXBuildFile; fileRef = OBJ_104 /* AllPass.swift */; };
		OBJ_192 /* Async.swift in Sources */ = {isa = PBXBuildFile; fileRef = OBJ_105 /* Async.swift */; };
		OBJ_193 /* BeAKindOf.swift in Sources */ = {isa = PBXBuildFile; fileRef = OBJ_106 /* BeAKindOf.swift */; };
		OBJ_194 /* BeAnInstanceOf.swift in Sources */ = {isa = PBXBuildFile; fileRef = OBJ_107 /* BeAnInstanceOf.swift */; };
		OBJ_195 /* BeCloseTo.swift in Sources */ = {isa = PBXBuildFile; fileRef = OBJ_108 /* BeCloseTo.swift */; };
		OBJ_196 /* BeEmpty.swift in Sources */ = {isa = PBXBuildFile; fileRef = OBJ_109 /* BeEmpty.swift */; };
		OBJ_197 /* BeGreaterThan.swift in Sources */ = {isa = PBXBuildFile; fileRef = OBJ_110 /* BeGreaterThan.swift */; };
		OBJ_198 /* BeGreaterThanOrEqualTo.swift in Sources */ = {isa = PBXBuildFile; fileRef = OBJ_111 /* BeGreaterThanOrEqualTo.swift */; };
		OBJ_199 /* BeIdenticalTo.swift in Sources */ = {isa = PBXBuildFile; fileRef = OBJ_112 /* BeIdenticalTo.swift */; };
		OBJ_200 /* BeLessThan.swift in Sources */ = {isa = PBXBuildFile; fileRef = OBJ_113 /* BeLessThan.swift */; };
		OBJ_201 /* BeLessThanOrEqual.swift in Sources */ = {isa = PBXBuildFile; fileRef = OBJ_114 /* BeLessThanOrEqual.swift */; };
		OBJ_202 /* BeLogical.swift in Sources */ = {isa = PBXBuildFile; fileRef = OBJ_115 /* BeLogical.swift */; };
		OBJ_203 /* BeNil.swift in Sources */ = {isa = PBXBuildFile; fileRef = OBJ_116 /* BeNil.swift */; };
		OBJ_204 /* BeVoid.swift in Sources */ = {isa = PBXBuildFile; fileRef = OBJ_117 /* BeVoid.swift */; };
		OBJ_205 /* BeginWith.swift in Sources */ = {isa = PBXBuildFile; fileRef = OBJ_118 /* BeginWith.swift */; };
		OBJ_206 /* Contain.swift in Sources */ = {isa = PBXBuildFile; fileRef = OBJ_119 /* Contain.swift */; };
		OBJ_207 /* ContainElementSatisfying.swift in Sources */ = {isa = PBXBuildFile; fileRef = OBJ_120 /* ContainElementSatisfying.swift */; };
		OBJ_208 /* ElementsEqual.swift in Sources */ = {isa = PBXBuildFile; fileRef = OBJ_121 /* ElementsEqual.swift */; };
		OBJ_209 /* EndWith.swift in Sources */ = {isa = PBXBuildFile; fileRef = OBJ_122 /* EndWith.swift */; };
		OBJ_210 /* Equal.swift in Sources */ = {isa = PBXBuildFile; fileRef = OBJ_123 /* Equal.swift */; };
		OBJ_211 /* HaveCount.swift in Sources */ = {isa = PBXBuildFile; fileRef = OBJ_124 /* HaveCount.swift */; };
		OBJ_212 /* Match.swift in Sources */ = {isa = PBXBuildFile; fileRef = OBJ_125 /* Match.swift */; };
		OBJ_213 /* MatchError.swift in Sources */ = {isa = PBXBuildFile; fileRef = OBJ_126 /* MatchError.swift */; };
		OBJ_214 /* MatcherFunc.swift in Sources */ = {isa = PBXBuildFile; fileRef = OBJ_127 /* MatcherFunc.swift */; };
		OBJ_215 /* MatcherProtocols.swift in Sources */ = {isa = PBXBuildFile; fileRef = OBJ_128 /* MatcherProtocols.swift */; };
		OBJ_216 /* PostNotification.swift in Sources */ = {isa = PBXBuildFile; fileRef = OBJ_129 /* PostNotification.swift */; };
		OBJ_217 /* Predicate.swift in Sources */ = {isa = PBXBuildFile; fileRef = OBJ_130 /* Predicate.swift */; };
		OBJ_218 /* RaisesException.swift in Sources */ = {isa = PBXBuildFile; fileRef = OBJ_131 /* RaisesException.swift */; };
		OBJ_219 /* SatisfyAllOf.swift in Sources */ = {isa = PBXBuildFile; fileRef = OBJ_132 /* SatisfyAllOf.swift */; };
		OBJ_220 /* SatisfyAnyOf.swift in Sources */ = {isa = PBXBuildFile; fileRef = OBJ_133 /* SatisfyAnyOf.swift */; };
		OBJ_221 /* ThrowAssertion.swift in Sources */ = {isa = PBXBuildFile; fileRef = OBJ_134 /* ThrowAssertion.swift */; };
		OBJ_222 /* ThrowError.swift in Sources */ = {isa = PBXBuildFile; fileRef = OBJ_135 /* ThrowError.swift */; };
		OBJ_223 /* ToSucceed.swift in Sources */ = {isa = PBXBuildFile; fileRef = OBJ_136 /* ToSucceed.swift */; };
		OBJ_224 /* Await.swift in Sources */ = {isa = PBXBuildFile; fileRef = OBJ_138 /* Await.swift */; };
		OBJ_225 /* Errors.swift in Sources */ = {isa = PBXBuildFile; fileRef = OBJ_139 /* Errors.swift */; };
		OBJ_226 /* Functional.swift in Sources */ = {isa = PBXBuildFile; fileRef = OBJ_140 /* Functional.swift */; };
		OBJ_227 /* SourceLocation.swift in Sources */ = {isa = PBXBuildFile; fileRef = OBJ_141 /* SourceLocation.swift */; };
		OBJ_228 /* Stringers.swift in Sources */ = {isa = PBXBuildFile; fileRef = OBJ_142 /* Stringers.swift */; };
		OBJ_235 /* Package.swift in Sources */ = {isa = PBXBuildFile; fileRef = OBJ_143 /* Package.swift */; };
		OBJ_241 /* NSURLRequest+HTTPBodyTesting.m in Sources */ = {isa = PBXBuildFile; fileRef = OBJ_146 /* NSURLRequest+HTTPBodyTesting.m */; };
		OBJ_242 /* OHHTTPStubs+NSURLSessionConfiguration.m in Sources */ = {isa = PBXBuildFile; fileRef = OBJ_147 /* OHHTTPStubs+NSURLSessionConfiguration.m */; };
		OBJ_243 /* OHHTTPStubs.m in Sources */ = {isa = PBXBuildFile; fileRef = OBJ_148 /* OHHTTPStubs.m */; };
		OBJ_244 /* OHHTTPStubsMethodSwizzling.m in Sources */ = {isa = PBXBuildFile; fileRef = OBJ_149 /* OHHTTPStubsMethodSwizzling.m */; };
		OBJ_245 /* OHHTTPStubsResponse+JSON.m in Sources */ = {isa = PBXBuildFile; fileRef = OBJ_150 /* OHHTTPStubsResponse+JSON.m */; };
		OBJ_246 /* OHHTTPStubsResponse.m in Sources */ = {isa = PBXBuildFile; fileRef = OBJ_151 /* OHHTTPStubsResponse.m */; };
		OBJ_247 /* OHPathHelpers.m in Sources */ = {isa = PBXBuildFile; fileRef = OBJ_152 /* OHPathHelpers.m */; };
		OBJ_254 /* Package.swift in Sources */ = {isa = PBXBuildFile; fileRef = OBJ_163 /* Package.swift */; };
		OBJ_260 /* OHHTTPStubsSwift.swift in Sources */ = {isa = PBXBuildFile; fileRef = OBJ_162 /* OHHTTPStubsSwift.swift */; };
		OBJ_262 /* OHHTTPStubsCore.framework in Frameworks */ = {isa = PBXBuildFile; fileRef = "OHHTTPStubs::OHHTTPStubsCore::Product" /* OHHTTPStubsCore.framework */; };
		OBJ_269 /* Result+TMDBKit.swift in Sources */ = {isa = PBXBuildFile; fileRef = OBJ_12 /* Result+TMDBKit.swift */; };
		OBJ_270 /* URL+QueryItem.swift in Sources */ = {isa = PBXBuildFile; fileRef = OBJ_13 /* URL+QueryItem.swift */; };
		OBJ_271 /* AlternativeTitle.swift in Sources */ = {isa = PBXBuildFile; fileRef = OBJ_15 /* AlternativeTitle.swift */; };
		OBJ_272 /* Cast.swift in Sources */ = {isa = PBXBuildFile; fileRef = OBJ_16 /* Cast.swift */; };
		OBJ_273 /* Change.swift in Sources */ = {isa = PBXBuildFile; fileRef = OBJ_17 /* Change.swift */; };
		OBJ_274 /* Crew.swift in Sources */ = {isa = PBXBuildFile; fileRef = OBJ_18 /* Crew.swift */; };
		OBJ_275 /* ExternalIds.swift in Sources */ = {isa = PBXBuildFile; fileRef = OBJ_19 /* ExternalIds.swift */; };
		OBJ_276 /* Genre.swift in Sources */ = {isa = PBXBuildFile; fileRef = OBJ_20 /* Genre.swift */; };
		OBJ_277 /* Keyword.swift in Sources */ = {isa = PBXBuildFile; fileRef = OBJ_21 /* Keyword.swift */; };
		OBJ_278 /* Language.swift in Sources */ = {isa = PBXBuildFile; fileRef = OBJ_22 /* Language.swift */; };
		OBJ_279 /* List.swift in Sources */ = {isa = PBXBuildFile; fileRef = OBJ_23 /* List.swift */; };
		OBJ_280 /* Movie.swift in Sources */ = {isa = PBXBuildFile; fileRef = OBJ_24 /* Movie.swift */; };
		OBJ_281 /* MovieCollection.swift in Sources */ = {isa = PBXBuildFile; fileRef = OBJ_25 /* MovieCollection.swift */; };
		OBJ_282 /* MovieFragment.swift in Sources */ = {isa = PBXBuildFile; fileRef = OBJ_26 /* MovieFragment.swift */; };
		OBJ_283 /* Poster.swift in Sources */ = {isa = PBXBuildFile; fileRef = OBJ_27 /* Poster.swift */; };
		OBJ_284 /* ProductionCompany.swift in Sources */ = {isa = PBXBuildFile; fileRef = OBJ_28 /* ProductionCompany.swift */; };
		OBJ_285 /* ProductionCountry.swift in Sources */ = {isa = PBXBuildFile; fileRef = OBJ_29 /* ProductionCountry.swift */; };
		OBJ_286 /* ReleaseDate.swift in Sources */ = {isa = PBXBuildFile; fileRef = OBJ_30 /* ReleaseDate.swift */; };
		OBJ_287 /* ReleaseDateResult.swift in Sources */ = {isa = PBXBuildFile; fileRef = OBJ_31 /* ReleaseDateResult.swift */; };
		OBJ_288 /* Review.swift in Sources */ = {isa = PBXBuildFile; fileRef = OBJ_32 /* Review.swift */; };
		OBJ_289 /* TMDBDate.swift in Sources */ = {isa = PBXBuildFile; fileRef = OBJ_33 /* TMDBDate.swift */; };
		OBJ_290 /* Translation.swift in Sources */ = {isa = PBXBuildFile; fileRef = OBJ_34 /* Translation.swift */; };
		OBJ_291 /* Video.swift in Sources */ = {isa = PBXBuildFile; fileRef = OBJ_35 /* Video.swift */; };
		OBJ_292 /* TMDB+Movies.swift in Sources */ = {isa = PBXBuildFile; fileRef = OBJ_38 /* TMDB+Movies.swift */; };
		OBJ_293 /* TMDB+People.swift in Sources */ = {isa = PBXBuildFile; fileRef = OBJ_39 /* TMDB+People.swift */; };
		OBJ_294 /* TMDB+TV.swift in Sources */ = {isa = PBXBuildFile; fileRef = OBJ_40 /* TMDB+TV.swift */; };
		OBJ_295 /* TMDB.swift in Sources */ = {isa = PBXBuildFile; fileRef = OBJ_41 /* TMDB.swift */; };
		OBJ_296 /* Authenticator.swift in Sources */ = {isa = PBXBuildFile; fileRef = OBJ_42 /* Authenticator.swift */; };
		OBJ_297 /* CodableEquatable.swift in Sources */ = {isa = PBXBuildFile; fileRef = OBJ_43 /* CodableEquatable.swift */; };
		OBJ_298 /* Authentication.swift in Sources */ = {isa = PBXBuildFile; fileRef = OBJ_45 /* Authentication.swift */; };
		OBJ_299 /* DetailsAppendable.swift in Sources */ = {isa = PBXBuildFile; fileRef = OBJ_46 /* DetailsAppendable.swift */; };
		OBJ_300 /* Endpoint.swift in Sources */ = {isa = PBXBuildFile; fileRef = OBJ_47 /* Endpoint.swift */; };
		OBJ_301 /* Movies.swift in Sources */ = {isa = PBXBuildFile; fileRef = OBJ_48 /* Movies.swift */; };
		OBJ_302 /* People.swift in Sources */ = {isa = PBXBuildFile; fileRef = OBJ_49 /* People.swift */; };
		OBJ_303 /* Reviews.swift in Sources */ = {isa = PBXBuildFile; fileRef = OBJ_50 /* Reviews.swift */; };
		OBJ_304 /* Search.swift in Sources */ = {isa = PBXBuildFile; fileRef = OBJ_51 /* Search.swift */; };
		OBJ_305 /* TV.swift in Sources */ = {isa = PBXBuildFile; fileRef = OBJ_52 /* TV.swift */; };
		OBJ_306 /* TVEpisodeGroups.swift in Sources */ = {isa = PBXBuildFile; fileRef = OBJ_53 /* TVEpisodeGroups.swift */; };
		OBJ_307 /* TVEpisodes.swift in Sources */ = {isa = PBXBuildFile; fileRef = OBJ_54 /* TVEpisodes.swift */; };
		OBJ_308 /* TVSeasons.swift in Sources */ = {isa = PBXBuildFile; fileRef = OBJ_55 /* TVSeasons.swift */; };
		OBJ_309 /* HTTPLogger.swift in Sources */ = {isa = PBXBuildFile; fileRef = OBJ_56 /* HTTPLogger.swift */; };
		OBJ_310 /* HTTPResponseHeaders.swift in Sources */ = {isa = PBXBuildFile; fileRef = OBJ_57 /* HTTPResponseHeaders.swift */; };
		OBJ_311 /* NetworkClient.swift in Sources */ = {isa = PBXBuildFile; fileRef = OBJ_58 /* NetworkClient.swift */; };
		OBJ_312 /* TMDBError.swift in Sources */ = {isa = PBXBuildFile; fileRef = OBJ_59 /* TMDBError.swift */; };
		OBJ_313 /* AlternativeTitlesResponse.swift in Sources */ = {isa = PBXBuildFile; fileRef = OBJ_61 /* AlternativeTitlesResponse.swift */; };
		OBJ_314 /* ChangesResponse.swift in Sources */ = {isa = PBXBuildFile; fileRef = OBJ_62 /* ChangesResponse.swift */; };
		OBJ_315 /* CreditsResponse.swift in Sources */ = {isa = PBXBuildFile; fileRef = OBJ_63 /* CreditsResponse.swift */; };
		OBJ_316 /* ImagesResponse.swift in Sources */ = {isa = PBXBuildFile; fileRef = OBJ_64 /* ImagesResponse.swift */; };
		OBJ_317 /* KeywordsResponse.swift in Sources */ = {isa = PBXBuildFile; fileRef = OBJ_65 /* KeywordsResponse.swift */; };
		OBJ_318 /* ListsResponse.swift in Sources */ = {isa = PBXBuildFile; fileRef = OBJ_66 /* ListsResponse.swift */; };
		OBJ_319 /* NowPlayingMoviesResponse.swift in Sources */ = {isa = PBXBuildFile; fileRef = OBJ_67 /* NowPlayingMoviesResponse.swift */; };
		OBJ_320 /* PersonDetailsResponse.swift in Sources */ = {isa = PBXBuildFile; fileRef = OBJ_69 /* PersonDetailsResponse.swift */; };
		OBJ_321 /* PersonImageResponse.swift in Sources */ = {isa = PBXBuildFile; fileRef = OBJ_70 /* PersonImageResponse.swift */; };
		OBJ_322 /* PersonCreditsResponse.swift in Sources */ = {isa = PBXBuildFile; fileRef = OBJ_71 /* PersonCreditsResponse.swift */; };
		OBJ_323 /* PopularMoviesResponse.swift in Sources */ = {isa = PBXBuildFile; fileRef = OBJ_72 /* PopularMoviesResponse.swift */; };
		OBJ_324 /* ReleaseDatesResponse.swift in Sources */ = {isa = PBXBuildFile; fileRef = OBJ_73 /* ReleaseDatesResponse.swift */; };
		OBJ_325 /* ReviewsResponse.swift in Sources */ = {isa = PBXBuildFile; fileRef = OBJ_74 /* ReviewsResponse.swift */; };
		OBJ_326 /* TranslationsResponse.swift in Sources */ = {isa = PBXBuildFile; fileRef = OBJ_75 /* TranslationsResponse.swift */; };
		OBJ_327 /* VideosResponse.swift in Sources */ = {isa = PBXBuildFile; fileRef = OBJ_76 /* VideosResponse.swift */; };
		OBJ_334 /* Package.swift in Sources */ = {isa = PBXBuildFile; fileRef = OBJ_6 /* Package.swift */; };
		OBJ_345 /* MockAuth.swift in Sources */ = {isa = PBXBuildFile; fileRef = OBJ_80 /* MockAuth.swift */; };
		OBJ_346 /* MovieEndpointTests.swift in Sources */ = {isa = PBXBuildFile; fileRef = OBJ_81 /* MovieEndpointTests.swift */; };
		OBJ_347 /* PeopleEnpointTests.swift in Sources */ = {isa = PBXBuildFile; fileRef = OBJ_82 /* PeopleEnpointTests.swift */; };
		OBJ_348 /* StubHelper.swift in Sources */ = {isa = PBXBuildFile; fileRef = OBJ_83 /* StubHelper.swift */; };
		OBJ_350 /* Nimble.framework in Frameworks */ = {isa = PBXBuildFile; fileRef = "Nimble::Nimble::Product" /* Nimble.framework */; };
		OBJ_351 /* OHHTTPStubsSwift.framework in Frameworks */ = {isa = PBXBuildFile; fileRef = "OHHTTPStubs::OHHTTPStubsSwift::Product" /* OHHTTPStubsSwift.framework */; };
		OBJ_352 /* OHHTTPStubsCore.framework in Frameworks */ = {isa = PBXBuildFile; fileRef = "OHHTTPStubs::OHHTTPStubsCore::Product" /* OHHTTPStubsCore.framework */; };
		OBJ_353 /* TMDBKit.framework in Frameworks */ = {isa = PBXBuildFile; fileRef = "TMDBKit::TMDBKit::Product" /* TMDBKit.framework */; };
/* End PBXBuildFile section */

/* Begin PBXContainerItemProxy section */
		25D3CD4C237E8DBD00DE5D38 /* PBXContainerItemProxy */ = {
			isa = PBXContainerItemProxy;
			containerPortal = OBJ_1 /* Project object */;
			proxyType = 1;
			remoteGlobalIDString = "Nimble::Nimble";
			remoteInfo = Nimble;
		};
		25D3CD4D237E8DBD00DE5D38 /* PBXContainerItemProxy */ = {
			isa = PBXContainerItemProxy;
			containerPortal = OBJ_1 /* Project object */;
			proxyType = 1;
			remoteGlobalIDString = "OHHTTPStubs::OHHTTPStubsSwift";
			remoteInfo = OHHTTPStubsSwift;
		};
		25D3CD4E237E8DBD00DE5D38 /* PBXContainerItemProxy */ = {
			isa = PBXContainerItemProxy;
			containerPortal = OBJ_1 /* Project object */;
			proxyType = 1;
			remoteGlobalIDString = "OHHTTPStubs::OHHTTPStubsCore";
			remoteInfo = OHHTTPStubsCore;
		};
		25D3CD4F237E8DBD00DE5D38 /* PBXContainerItemProxy */ = {
			isa = PBXContainerItemProxy;
			containerPortal = OBJ_1 /* Project object */;
			proxyType = 1;
			remoteGlobalIDString = "OHHTTPStubs::OHHTTPStubsCore";
			remoteInfo = OHHTTPStubsCore;
		};
		25D3CD50237E8DBD00DE5D38 /* PBXContainerItemProxy */ = {
			isa = PBXContainerItemProxy;
			containerPortal = OBJ_1 /* Project object */;
			proxyType = 1;
			remoteGlobalIDString = "TMDBKit::TMDBKit";
			remoteInfo = TMDBKit;
		};
		25D3CD51237E8DBD00DE5D38 /* PBXContainerItemProxy */ = {
			isa = PBXContainerItemProxy;
			containerPortal = OBJ_1 /* Project object */;
			proxyType = 1;
			remoteGlobalIDString = "TMDBKit::TMDBKitTests";
			remoteInfo = TMDBKitTests;
		};
/* End PBXContainerItemProxy section */

/* Begin PBXFileReference section */
		25D3CD52237E966C00DE5D38 /* TaggedImageResponse.swift */ = {isa = PBXFileReference; lastKnownFileType = sourcecode.swift; path = TaggedImageResponse.swift; sourceTree = "<group>"; };
		25D3CD56237EF9AC00DE5D38 /* Media.swift */ = {isa = PBXFileReference; lastKnownFileType = sourcecode.swift; path = Media.swift; sourceTree = "<group>"; };
		"Nimble::Nimble::Product" /* Nimble.framework */ = {isa = PBXFileReference; lastKnownFileType = wrapper.framework; path = Nimble.framework; sourceTree = BUILT_PRODUCTS_DIR; };
		OBJ_10 /* Info.plist */ = {isa = PBXFileReference; lastKnownFileType = text.plist.xml; path = Info.plist; sourceTree = "<group>"; };
		OBJ_100 /* ExpectationMessage.swift */ = {isa = PBXFileReference; lastKnownFileType = sourcecode.swift; path = ExpectationMessage.swift; sourceTree = "<group>"; };
		OBJ_101 /* Expression.swift */ = {isa = PBXFileReference; lastKnownFileType = sourcecode.swift; path = Expression.swift; sourceTree = "<group>"; };
		OBJ_102 /* FailureMessage.swift */ = {isa = PBXFileReference; lastKnownFileType = sourcecode.swift; path = FailureMessage.swift; sourceTree = "<group>"; };
		OBJ_104 /* AllPass.swift */ = {isa = PBXFileReference; lastKnownFileType = sourcecode.swift; path = AllPass.swift; sourceTree = "<group>"; };
		OBJ_105 /* Async.swift */ = {isa = PBXFileReference; lastKnownFileType = sourcecode.swift; path = Async.swift; sourceTree = "<group>"; };
		OBJ_106 /* BeAKindOf.swift */ = {isa = PBXFileReference; lastKnownFileType = sourcecode.swift; path = BeAKindOf.swift; sourceTree = "<group>"; };
		OBJ_107 /* BeAnInstanceOf.swift */ = {isa = PBXFileReference; lastKnownFileType = sourcecode.swift; path = BeAnInstanceOf.swift; sourceTree = "<group>"; };
		OBJ_108 /* BeCloseTo.swift */ = {isa = PBXFileReference; lastKnownFileType = sourcecode.swift; path = BeCloseTo.swift; sourceTree = "<group>"; };
		OBJ_109 /* BeEmpty.swift */ = {isa = PBXFileReference; lastKnownFileType = sourcecode.swift; path = BeEmpty.swift; sourceTree = "<group>"; };
		OBJ_110 /* BeGreaterThan.swift */ = {isa = PBXFileReference; lastKnownFileType = sourcecode.swift; path = BeGreaterThan.swift; sourceTree = "<group>"; };
		OBJ_111 /* BeGreaterThanOrEqualTo.swift */ = {isa = PBXFileReference; lastKnownFileType = sourcecode.swift; path = BeGreaterThanOrEqualTo.swift; sourceTree = "<group>"; };
		OBJ_112 /* BeIdenticalTo.swift */ = {isa = PBXFileReference; lastKnownFileType = sourcecode.swift; path = BeIdenticalTo.swift; sourceTree = "<group>"; };
		OBJ_113 /* BeLessThan.swift */ = {isa = PBXFileReference; lastKnownFileType = sourcecode.swift; path = BeLessThan.swift; sourceTree = "<group>"; };
		OBJ_114 /* BeLessThanOrEqual.swift */ = {isa = PBXFileReference; lastKnownFileType = sourcecode.swift; path = BeLessThanOrEqual.swift; sourceTree = "<group>"; };
		OBJ_115 /* BeLogical.swift */ = {isa = PBXFileReference; lastKnownFileType = sourcecode.swift; path = BeLogical.swift; sourceTree = "<group>"; };
		OBJ_116 /* BeNil.swift */ = {isa = PBXFileReference; lastKnownFileType = sourcecode.swift; path = BeNil.swift; sourceTree = "<group>"; };
		OBJ_117 /* BeVoid.swift */ = {isa = PBXFileReference; lastKnownFileType = sourcecode.swift; path = BeVoid.swift; sourceTree = "<group>"; };
		OBJ_118 /* BeginWith.swift */ = {isa = PBXFileReference; lastKnownFileType = sourcecode.swift; path = BeginWith.swift; sourceTree = "<group>"; };
		OBJ_119 /* Contain.swift */ = {isa = PBXFileReference; lastKnownFileType = sourcecode.swift; path = Contain.swift; sourceTree = "<group>"; };
		OBJ_12 /* Result+TMDBKit.swift */ = {isa = PBXFileReference; lastKnownFileType = sourcecode.swift; path = "Result+TMDBKit.swift"; sourceTree = "<group>"; };
		OBJ_120 /* ContainElementSatisfying.swift */ = {isa = PBXFileReference; lastKnownFileType = sourcecode.swift; path = ContainElementSatisfying.swift; sourceTree = "<group>"; };
		OBJ_121 /* ElementsEqual.swift */ = {isa = PBXFileReference; lastKnownFileType = sourcecode.swift; path = ElementsEqual.swift; sourceTree = "<group>"; };
		OBJ_122 /* EndWith.swift */ = {isa = PBXFileReference; lastKnownFileType = sourcecode.swift; path = EndWith.swift; sourceTree = "<group>"; };
		OBJ_123 /* Equal.swift */ = {isa = PBXFileReference; lastKnownFileType = sourcecode.swift; path = Equal.swift; sourceTree = "<group>"; };
		OBJ_124 /* HaveCount.swift */ = {isa = PBXFileReference; lastKnownFileType = sourcecode.swift; path = HaveCount.swift; sourceTree = "<group>"; };
		OBJ_125 /* Match.swift */ = {isa = PBXFileReference; lastKnownFileType = sourcecode.swift; path = Match.swift; sourceTree = "<group>"; };
		OBJ_126 /* MatchError.swift */ = {isa = PBXFileReference; lastKnownFileType = sourcecode.swift; path = MatchError.swift; sourceTree = "<group>"; };
		OBJ_127 /* MatcherFunc.swift */ = {isa = PBXFileReference; lastKnownFileType = sourcecode.swift; path = MatcherFunc.swift; sourceTree = "<group>"; };
		OBJ_128 /* MatcherProtocols.swift */ = {isa = PBXFileReference; lastKnownFileType = sourcecode.swift; path = MatcherProtocols.swift; sourceTree = "<group>"; };
		OBJ_129 /* PostNotification.swift */ = {isa = PBXFileReference; lastKnownFileType = sourcecode.swift; path = PostNotification.swift; sourceTree = "<group>"; };
		OBJ_13 /* URL+QueryItem.swift */ = {isa = PBXFileReference; lastKnownFileType = sourcecode.swift; path = "URL+QueryItem.swift"; sourceTree = "<group>"; };
		OBJ_130 /* Predicate.swift */ = {isa = PBXFileReference; lastKnownFileType = sourcecode.swift; path = Predicate.swift; sourceTree = "<group>"; };
		OBJ_131 /* RaisesException.swift */ = {isa = PBXFileReference; lastKnownFileType = sourcecode.swift; path = RaisesException.swift; sourceTree = "<group>"; };
		OBJ_132 /* SatisfyAllOf.swift */ = {isa = PBXFileReference; lastKnownFileType = sourcecode.swift; path = SatisfyAllOf.swift; sourceTree = "<group>"; };
		OBJ_133 /* SatisfyAnyOf.swift */ = {isa = PBXFileReference; lastKnownFileType = sourcecode.swift; path = SatisfyAnyOf.swift; sourceTree = "<group>"; };
		OBJ_134 /* ThrowAssertion.swift */ = {isa = PBXFileReference; lastKnownFileType = sourcecode.swift; path = ThrowAssertion.swift; sourceTree = "<group>"; };
		OBJ_135 /* ThrowError.swift */ = {isa = PBXFileReference; lastKnownFileType = sourcecode.swift; path = ThrowError.swift; sourceTree = "<group>"; };
		OBJ_136 /* ToSucceed.swift */ = {isa = PBXFileReference; lastKnownFileType = sourcecode.swift; path = ToSucceed.swift; sourceTree = "<group>"; };
		OBJ_138 /* Await.swift */ = {isa = PBXFileReference; lastKnownFileType = sourcecode.swift; path = Await.swift; sourceTree = "<group>"; };
		OBJ_139 /* Errors.swift */ = {isa = PBXFileReference; lastKnownFileType = sourcecode.swift; path = Errors.swift; sourceTree = "<group>"; };
		OBJ_140 /* Functional.swift */ = {isa = PBXFileReference; lastKnownFileType = sourcecode.swift; path = Functional.swift; sourceTree = "<group>"; };
		OBJ_141 /* SourceLocation.swift */ = {isa = PBXFileReference; lastKnownFileType = sourcecode.swift; path = SourceLocation.swift; sourceTree = "<group>"; };
		OBJ_142 /* Stringers.swift */ = {isa = PBXFileReference; lastKnownFileType = sourcecode.swift; path = Stringers.swift; sourceTree = "<group>"; };
		OBJ_143 /* Package.swift */ = {isa = PBXFileReference; explicitFileType = sourcecode.swift; name = Package.swift; path = /Users/pahnki/Projects/Personal/TMDBKit/.build/checkouts/Nimble/Package.swift; sourceTree = "<group>"; };
		OBJ_146 /* NSURLRequest+HTTPBodyTesting.m */ = {isa = PBXFileReference; lastKnownFileType = sourcecode.c.objc; path = "NSURLRequest+HTTPBodyTesting.m"; sourceTree = "<group>"; };
		OBJ_147 /* OHHTTPStubs+NSURLSessionConfiguration.m */ = {isa = PBXFileReference; lastKnownFileType = sourcecode.c.objc; path = "OHHTTPStubs+NSURLSessionConfiguration.m"; sourceTree = "<group>"; };
		OBJ_148 /* OHHTTPStubs.m */ = {isa = PBXFileReference; lastKnownFileType = sourcecode.c.objc; path = OHHTTPStubs.m; sourceTree = "<group>"; };
		OBJ_149 /* OHHTTPStubsMethodSwizzling.m */ = {isa = PBXFileReference; lastKnownFileType = sourcecode.c.objc; path = OHHTTPStubsMethodSwizzling.m; sourceTree = "<group>"; };
		OBJ_15 /* AlternativeTitle.swift */ = {isa = PBXFileReference; lastKnownFileType = sourcecode.swift; path = AlternativeTitle.swift; sourceTree = "<group>"; };
		OBJ_150 /* OHHTTPStubsResponse+JSON.m */ = {isa = PBXFileReference; lastKnownFileType = sourcecode.c.objc; path = "OHHTTPStubsResponse+JSON.m"; sourceTree = "<group>"; };
		OBJ_151 /* OHHTTPStubsResponse.m */ = {isa = PBXFileReference; lastKnownFileType = sourcecode.c.objc; path = OHHTTPStubsResponse.m; sourceTree = "<group>"; };
		OBJ_152 /* OHPathHelpers.m */ = {isa = PBXFileReference; lastKnownFileType = sourcecode.c.objc; path = OHPathHelpers.m; sourceTree = "<group>"; };
		OBJ_154 /* Compatibility.h */ = {isa = PBXFileReference; lastKnownFileType = sourcecode.c.h; path = Compatibility.h; sourceTree = "<group>"; };
		OBJ_155 /* OHHTTPStubsResponse.h */ = {isa = PBXFileReference; lastKnownFileType = sourcecode.c.h; path = OHHTTPStubsResponse.h; sourceTree = "<group>"; };
		OBJ_156 /* NSURLRequest+HTTPBodyTesting.h */ = {isa = PBXFileReference; lastKnownFileType = sourcecode.c.h; path = "NSURLRequest+HTTPBodyTesting.h"; sourceTree = "<group>"; };
		OBJ_157 /* OHPathHelpers.h */ = {isa = PBXFileReference; lastKnownFileType = sourcecode.c.h; path = OHPathHelpers.h; sourceTree = "<group>"; };
		OBJ_158 /* OHHTTPStubs.h */ = {isa = PBXFileReference; lastKnownFileType = sourcecode.c.h; path = OHHTTPStubs.h; sourceTree = "<group>"; };
		OBJ_159 /* OHHTTPStubsResponse+JSON.h */ = {isa = PBXFileReference; lastKnownFileType = sourcecode.c.h; path = "OHHTTPStubsResponse+JSON.h"; sourceTree = "<group>"; };
		OBJ_16 /* Cast.swift */ = {isa = PBXFileReference; lastKnownFileType = sourcecode.swift; path = Cast.swift; sourceTree = "<group>"; };
		OBJ_160 /* module.modulemap */ = {isa = PBXFileReference; lastKnownFileType = "sourcecode.module-map"; name = module.modulemap; path = /Users/pahnki/Projects/Personal/TMDBKit/TMDBKit.xcodeproj/GeneratedModuleMap/OHHTTPStubsCore/module.modulemap; sourceTree = "<group>"; };
		OBJ_162 /* OHHTTPStubsSwift.swift */ = {isa = PBXFileReference; lastKnownFileType = sourcecode.swift; path = OHHTTPStubsSwift.swift; sourceTree = "<group>"; };
		OBJ_163 /* Package.swift */ = {isa = PBXFileReference; explicitFileType = sourcecode.swift; name = Package.swift; path = /Users/pahnki/Projects/Personal/TMDBKit/.build/checkouts/OHHTTPStubs/Package.swift; sourceTree = "<group>"; };
		OBJ_17 /* Change.swift */ = {isa = PBXFileReference; lastKnownFileType = sourcecode.swift; path = Change.swift; sourceTree = "<group>"; };
		OBJ_170 /* Example */ = {isa = PBXFileReference; lastKnownFileType = folder; path = Example; sourceTree = SOURCE_ROOT; };
		OBJ_171 /* project.yml */ = {isa = PBXFileReference; lastKnownFileType = text.yaml; path = project.yml; sourceTree = "<group>"; };
		OBJ_18 /* Crew.swift */ = {isa = PBXFileReference; lastKnownFileType = sourcecode.swift; path = Crew.swift; sourceTree = "<group>"; };
		OBJ_19 /* ExternalIds.swift */ = {isa = PBXFileReference; lastKnownFileType = sourcecode.swift; path = ExternalIds.swift; sourceTree = "<group>"; };
		OBJ_20 /* Genre.swift */ = {isa = PBXFileReference; lastKnownFileType = sourcecode.swift; path = Genre.swift; sourceTree = "<group>"; };
		OBJ_21 /* Keyword.swift */ = {isa = PBXFileReference; lastKnownFileType = sourcecode.swift; path = Keyword.swift; sourceTree = "<group>"; };
		OBJ_22 /* Language.swift */ = {isa = PBXFileReference; lastKnownFileType = sourcecode.swift; path = Language.swift; sourceTree = "<group>"; };
		OBJ_23 /* List.swift */ = {isa = PBXFileReference; lastKnownFileType = sourcecode.swift; path = List.swift; sourceTree = "<group>"; };
		OBJ_24 /* Movie.swift */ = {isa = PBXFileReference; lastKnownFileType = sourcecode.swift; path = Movie.swift; sourceTree = "<group>"; };
		OBJ_25 /* MovieCollection.swift */ = {isa = PBXFileReference; lastKnownFileType = sourcecode.swift; path = MovieCollection.swift; sourceTree = "<group>"; };
		OBJ_26 /* MovieFragment.swift */ = {isa = PBXFileReference; lastKnownFileType = sourcecode.swift; path = MovieFragment.swift; sourceTree = "<group>"; };
		OBJ_27 /* Poster.swift */ = {isa = PBXFileReference; lastKnownFileType = sourcecode.swift; path = Poster.swift; sourceTree = "<group>"; };
		OBJ_28 /* ProductionCompany.swift */ = {isa = PBXFileReference; lastKnownFileType = sourcecode.swift; path = ProductionCompany.swift; sourceTree = "<group>"; };
		OBJ_29 /* ProductionCountry.swift */ = {isa = PBXFileReference; lastKnownFileType = sourcecode.swift; path = ProductionCountry.swift; sourceTree = "<group>"; };
		OBJ_30 /* ReleaseDate.swift */ = {isa = PBXFileReference; lastKnownFileType = sourcecode.swift; path = ReleaseDate.swift; sourceTree = "<group>"; };
		OBJ_31 /* ReleaseDateResult.swift */ = {isa = PBXFileReference; lastKnownFileType = sourcecode.swift; path = ReleaseDateResult.swift; sourceTree = "<group>"; };
		OBJ_32 /* Review.swift */ = {isa = PBXFileReference; lastKnownFileType = sourcecode.swift; path = Review.swift; sourceTree = "<group>"; };
		OBJ_33 /* TMDBDate.swift */ = {isa = PBXFileReference; lastKnownFileType = sourcecode.swift; path = TMDBDate.swift; sourceTree = "<group>"; };
		OBJ_34 /* Translation.swift */ = {isa = PBXFileReference; lastKnownFileType = sourcecode.swift; path = Translation.swift; sourceTree = "<group>"; };
		OBJ_35 /* Video.swift */ = {isa = PBXFileReference; lastKnownFileType = sourcecode.swift; path = Video.swift; sourceTree = "<group>"; };
		OBJ_38 /* TMDB+Movies.swift */ = {isa = PBXFileReference; lastKnownFileType = sourcecode.swift; path = "TMDB+Movies.swift"; sourceTree = "<group>"; };
		OBJ_39 /* TMDB+People.swift */ = {isa = PBXFileReference; lastKnownFileType = sourcecode.swift; path = "TMDB+People.swift"; sourceTree = "<group>"; };
		OBJ_40 /* TMDB+TV.swift */ = {isa = PBXFileReference; lastKnownFileType = sourcecode.swift; path = "TMDB+TV.swift"; sourceTree = "<group>"; };
		OBJ_41 /* TMDB.swift */ = {isa = PBXFileReference; lastKnownFileType = sourcecode.swift; path = TMDB.swift; sourceTree = "<group>"; };
		OBJ_42 /* Authenticator.swift */ = {isa = PBXFileReference; lastKnownFileType = sourcecode.swift; path = Authenticator.swift; sourceTree = "<group>"; };
		OBJ_43 /* CodableEquatable.swift */ = {isa = PBXFileReference; lastKnownFileType = sourcecode.swift; path = CodableEquatable.swift; sourceTree = "<group>"; };
		OBJ_45 /* Authentication.swift */ = {isa = PBXFileReference; lastKnownFileType = sourcecode.swift; path = Authentication.swift; sourceTree = "<group>"; };
		OBJ_46 /* DetailsAppendable.swift */ = {isa = PBXFileReference; lastKnownFileType = sourcecode.swift; path = DetailsAppendable.swift; sourceTree = "<group>"; };
		OBJ_47 /* Endpoint.swift */ = {isa = PBXFileReference; lastKnownFileType = sourcecode.swift; path = Endpoint.swift; sourceTree = "<group>"; };
		OBJ_48 /* Movies.swift */ = {isa = PBXFileReference; lastKnownFileType = sourcecode.swift; path = Movies.swift; sourceTree = "<group>"; };
		OBJ_49 /* People.swift */ = {isa = PBXFileReference; lastKnownFileType = sourcecode.swift; path = People.swift; sourceTree = "<group>"; };
		OBJ_50 /* Reviews.swift */ = {isa = PBXFileReference; lastKnownFileType = sourcecode.swift; path = Reviews.swift; sourceTree = "<group>"; };
		OBJ_51 /* Search.swift */ = {isa = PBXFileReference; lastKnownFileType = sourcecode.swift; path = Search.swift; sourceTree = "<group>"; };
		OBJ_52 /* TV.swift */ = {isa = PBXFileReference; lastKnownFileType = sourcecode.swift; path = TV.swift; sourceTree = "<group>"; };
		OBJ_53 /* TVEpisodeGroups.swift */ = {isa = PBXFileReference; lastKnownFileType = sourcecode.swift; path = TVEpisodeGroups.swift; sourceTree = "<group>"; };
		OBJ_54 /* TVEpisodes.swift */ = {isa = PBXFileReference; lastKnownFileType = sourcecode.swift; path = TVEpisodes.swift; sourceTree = "<group>"; };
		OBJ_55 /* TVSeasons.swift */ = {isa = PBXFileReference; lastKnownFileType = sourcecode.swift; path = TVSeasons.swift; sourceTree = "<group>"; };
		OBJ_56 /* HTTPLogger.swift */ = {isa = PBXFileReference; lastKnownFileType = sourcecode.swift; path = HTTPLogger.swift; sourceTree = "<group>"; };
		OBJ_57 /* HTTPResponseHeaders.swift */ = {isa = PBXFileReference; lastKnownFileType = sourcecode.swift; path = HTTPResponseHeaders.swift; sourceTree = "<group>"; };
		OBJ_58 /* NetworkClient.swift */ = {isa = PBXFileReference; lastKnownFileType = sourcecode.swift; path = NetworkClient.swift; sourceTree = "<group>"; };
		OBJ_59 /* TMDBError.swift */ = {isa = PBXFileReference; lastKnownFileType = sourcecode.swift; path = TMDBError.swift; sourceTree = "<group>"; };
		OBJ_6 /* Package.swift */ = {isa = PBXFileReference; explicitFileType = sourcecode.swift; path = Package.swift; sourceTree = "<group>"; };
		OBJ_61 /* AlternativeTitlesResponse.swift */ = {isa = PBXFileReference; lastKnownFileType = sourcecode.swift; path = AlternativeTitlesResponse.swift; sourceTree = "<group>"; };
		OBJ_62 /* ChangesResponse.swift */ = {isa = PBXFileReference; lastKnownFileType = sourcecode.swift; path = ChangesResponse.swift; sourceTree = "<group>"; };
		OBJ_63 /* CreditsResponse.swift */ = {isa = PBXFileReference; lastKnownFileType = sourcecode.swift; path = CreditsResponse.swift; sourceTree = "<group>"; };
		OBJ_64 /* ImagesResponse.swift */ = {isa = PBXFileReference; lastKnownFileType = sourcecode.swift; path = ImagesResponse.swift; sourceTree = "<group>"; };
		OBJ_65 /* KeywordsResponse.swift */ = {isa = PBXFileReference; lastKnownFileType = sourcecode.swift; path = KeywordsResponse.swift; sourceTree = "<group>"; };
		OBJ_66 /* ListsResponse.swift */ = {isa = PBXFileReference; lastKnownFileType = sourcecode.swift; path = ListsResponse.swift; sourceTree = "<group>"; };
		OBJ_67 /* NowPlayingMoviesResponse.swift */ = {isa = PBXFileReference; lastKnownFileType = sourcecode.swift; path = NowPlayingMoviesResponse.swift; sourceTree = "<group>"; };
		OBJ_69 /* PersonDetailsResponse.swift */ = {isa = PBXFileReference; lastKnownFileType = sourcecode.swift; path = PersonDetailsResponse.swift; sourceTree = "<group>"; };
		OBJ_70 /* PersonImageResponse.swift */ = {isa = PBXFileReference; lastKnownFileType = sourcecode.swift; path = PersonImageResponse.swift; sourceTree = "<group>"; };
		OBJ_71 /* PersonCreditsResponse.swift */ = {isa = PBXFileReference; lastKnownFileType = sourcecode.swift; path = PersonCreditsResponse.swift; sourceTree = "<group>"; };
		OBJ_72 /* PopularMoviesResponse.swift */ = {isa = PBXFileReference; lastKnownFileType = sourcecode.swift; path = PopularMoviesResponse.swift; sourceTree = "<group>"; };
		OBJ_73 /* ReleaseDatesResponse.swift */ = {isa = PBXFileReference; lastKnownFileType = sourcecode.swift; path = ReleaseDatesResponse.swift; sourceTree = "<group>"; };
		OBJ_74 /* ReviewsResponse.swift */ = {isa = PBXFileReference; lastKnownFileType = sourcecode.swift; path = ReviewsResponse.swift; sourceTree = "<group>"; };
		OBJ_75 /* TranslationsResponse.swift */ = {isa = PBXFileReference; lastKnownFileType = sourcecode.swift; path = TranslationsResponse.swift; sourceTree = "<group>"; };
		OBJ_76 /* VideosResponse.swift */ = {isa = PBXFileReference; lastKnownFileType = sourcecode.swift; path = VideosResponse.swift; sourceTree = "<group>"; };
		OBJ_79 /* Info.plist */ = {isa = PBXFileReference; lastKnownFileType = text.plist.xml; path = Info.plist; sourceTree = "<group>"; };
		OBJ_80 /* MockAuth.swift */ = {isa = PBXFileReference; lastKnownFileType = sourcecode.swift; path = MockAuth.swift; sourceTree = "<group>"; };
		OBJ_81 /* MovieEndpointTests.swift */ = {isa = PBXFileReference; lastKnownFileType = sourcecode.swift; path = MovieEndpointTests.swift; sourceTree = "<group>"; };
		OBJ_82 /* PeopleEnpointTests.swift */ = {isa = PBXFileReference; lastKnownFileType = sourcecode.swift; path = PeopleEnpointTests.swift; sourceTree = "<group>"; };
		OBJ_83 /* StubHelper.swift */ = {isa = PBXFileReference; lastKnownFileType = sourcecode.swift; path = StubHelper.swift; sourceTree = "<group>"; };
		OBJ_88 /* AdapterProtocols.swift */ = {isa = PBXFileReference; lastKnownFileType = sourcecode.swift; path = AdapterProtocols.swift; sourceTree = "<group>"; };
		OBJ_89 /* AssertionDispatcher.swift */ = {isa = PBXFileReference; lastKnownFileType = sourcecode.swift; path = AssertionDispatcher.swift; sourceTree = "<group>"; };
		OBJ_9 /* TMDBKit.h */ = {isa = PBXFileReference; lastKnownFileType = sourcecode.c.h; path = TMDBKit.h; sourceTree = "<group>"; };
		OBJ_90 /* AssertionRecorder.swift */ = {isa = PBXFileReference; lastKnownFileType = sourcecode.swift; path = AssertionRecorder.swift; sourceTree = "<group>"; };
		OBJ_91 /* NMBExpectation.swift */ = {isa = PBXFileReference; lastKnownFileType = sourcecode.swift; path = NMBExpectation.swift; sourceTree = "<group>"; };
		OBJ_92 /* NMBObjCMatcher.swift */ = {isa = PBXFileReference; lastKnownFileType = sourcecode.swift; path = NMBObjCMatcher.swift; sourceTree = "<group>"; };
		OBJ_93 /* NimbleEnvironment.swift */ = {isa = PBXFileReference; lastKnownFileType = sourcecode.swift; path = NimbleEnvironment.swift; sourceTree = "<group>"; };
		OBJ_94 /* NimbleXCTestHandler.swift */ = {isa = PBXFileReference; lastKnownFileType = sourcecode.swift; path = NimbleXCTestHandler.swift; sourceTree = "<group>"; };
		OBJ_96 /* ExceptionCapture.swift */ = {isa = PBXFileReference; lastKnownFileType = sourcecode.swift; path = ExceptionCapture.swift; sourceTree = "<group>"; };
		OBJ_97 /* DSL+Wait.swift */ = {isa = PBXFileReference; lastKnownFileType = sourcecode.swift; path = "DSL+Wait.swift"; sourceTree = "<group>"; };
		OBJ_98 /* DSL.swift */ = {isa = PBXFileReference; lastKnownFileType = sourcecode.swift; path = DSL.swift; sourceTree = "<group>"; };
		OBJ_99 /* Expectation.swift */ = {isa = PBXFileReference; lastKnownFileType = sourcecode.swift; path = Expectation.swift; sourceTree = "<group>"; };
		"OHHTTPStubs::OHHTTPStubsCore::Product" /* OHHTTPStubsCore.framework */ = {isa = PBXFileReference; lastKnownFileType = wrapper.framework; path = OHHTTPStubsCore.framework; sourceTree = BUILT_PRODUCTS_DIR; };
		"OHHTTPStubs::OHHTTPStubsSwift::Product" /* OHHTTPStubsSwift.framework */ = {isa = PBXFileReference; lastKnownFileType = wrapper.framework; path = OHHTTPStubsSwift.framework; sourceTree = BUILT_PRODUCTS_DIR; };
		"TMDBKit::TMDBKit::Product" /* TMDBKit.framework */ = {isa = PBXFileReference; lastKnownFileType = wrapper.framework; path = TMDBKit.framework; sourceTree = BUILT_PRODUCTS_DIR; };
		"TMDBKit::TMDBKitTests::Product" /* TMDBKitTests.xctest */ = {isa = PBXFileReference; lastKnownFileType = file; path = TMDBKitTests.xctest; sourceTree = BUILT_PRODUCTS_DIR; };
/* End PBXFileReference section */

/* Begin PBXFrameworksBuildPhase section */
		OBJ_229 /* Frameworks */ = {
			isa = PBXFrameworksBuildPhase;
			buildActionMask = 0;
			files = (
			);
			runOnlyForDeploymentPostprocessing = 0;
		};
		OBJ_248 /* Frameworks */ = {
			isa = PBXFrameworksBuildPhase;
			buildActionMask = 0;
			files = (
			);
			runOnlyForDeploymentPostprocessing = 0;
		};
		OBJ_261 /* Frameworks */ = {
			isa = PBXFrameworksBuildPhase;
			buildActionMask = 0;
			files = (
				OBJ_262 /* OHHTTPStubsCore.framework in Frameworks */,
			);
			runOnlyForDeploymentPostprocessing = 0;
		};
		OBJ_328 /* Frameworks */ = {
			isa = PBXFrameworksBuildPhase;
			buildActionMask = 0;
			files = (
			);
			runOnlyForDeploymentPostprocessing = 0;
		};
		OBJ_349 /* Frameworks */ = {
			isa = PBXFrameworksBuildPhase;
			buildActionMask = 0;
			files = (
				OBJ_350 /* Nimble.framework in Frameworks */,
				OBJ_351 /* OHHTTPStubsSwift.framework in Frameworks */,
				OBJ_352 /* OHHTTPStubsCore.framework in Frameworks */,
				OBJ_353 /* TMDBKit.framework in Frameworks */,
			);
			runOnlyForDeploymentPostprocessing = 0;
		};
/* End PBXFrameworksBuildPhase section */

/* Begin PBXGroup section */
		OBJ_103 /* Matchers */ = {
			isa = PBXGroup;
			children = (
				OBJ_104 /* AllPass.swift */,
				OBJ_105 /* Async.swift */,
				OBJ_106 /* BeAKindOf.swift */,
				OBJ_107 /* BeAnInstanceOf.swift */,
				OBJ_108 /* BeCloseTo.swift */,
				OBJ_109 /* BeEmpty.swift */,
				OBJ_110 /* BeGreaterThan.swift */,
				OBJ_111 /* BeGreaterThanOrEqualTo.swift */,
				OBJ_112 /* BeIdenticalTo.swift */,
				OBJ_113 /* BeLessThan.swift */,
				OBJ_114 /* BeLessThanOrEqual.swift */,
				OBJ_115 /* BeLogical.swift */,
				OBJ_116 /* BeNil.swift */,
				OBJ_117 /* BeVoid.swift */,
				OBJ_118 /* BeginWith.swift */,
				OBJ_119 /* Contain.swift */,
				OBJ_120 /* ContainElementSatisfying.swift */,
				OBJ_121 /* ElementsEqual.swift */,
				OBJ_122 /* EndWith.swift */,
				OBJ_123 /* Equal.swift */,
				OBJ_124 /* HaveCount.swift */,
				OBJ_125 /* Match.swift */,
				OBJ_126 /* MatchError.swift */,
				OBJ_127 /* MatcherFunc.swift */,
				OBJ_128 /* MatcherProtocols.swift */,
				OBJ_129 /* PostNotification.swift */,
				OBJ_130 /* Predicate.swift */,
				OBJ_131 /* RaisesException.swift */,
				OBJ_132 /* SatisfyAllOf.swift */,
				OBJ_133 /* SatisfyAnyOf.swift */,
				OBJ_134 /* ThrowAssertion.swift */,
				OBJ_135 /* ThrowError.swift */,
				OBJ_136 /* ToSucceed.swift */,
			);
			path = Matchers;
			sourceTree = "<group>";
		};
		OBJ_11 /* Extensions */ = {
			isa = PBXGroup;
			children = (
				OBJ_12 /* Result+TMDBKit.swift */,
				OBJ_13 /* URL+QueryItem.swift */,
			);
			path = Extensions;
			sourceTree = "<group>";
		};
		OBJ_137 /* Utils */ = {
			isa = PBXGroup;
			children = (
				OBJ_138 /* Await.swift */,
				OBJ_139 /* Errors.swift */,
				OBJ_140 /* Functional.swift */,
				OBJ_141 /* SourceLocation.swift */,
				OBJ_142 /* Stringers.swift */,
			);
			path = Utils;
			sourceTree = "<group>";
		};
		OBJ_14 /* Model */ = {
			isa = PBXGroup;
			children = (
				OBJ_15 /* AlternativeTitle.swift */,
				OBJ_16 /* Cast.swift */,
				OBJ_17 /* Change.swift */,
				OBJ_18 /* Crew.swift */,
				OBJ_19 /* ExternalIds.swift */,
				OBJ_20 /* Genre.swift */,
				OBJ_21 /* Keyword.swift */,
				OBJ_22 /* Language.swift */,
				OBJ_23 /* List.swift */,
				25D3CD56237EF9AC00DE5D38 /* Media.swift */,
				OBJ_24 /* Movie.swift */,
				OBJ_25 /* MovieCollection.swift */,
				OBJ_26 /* MovieFragment.swift */,
				OBJ_27 /* Poster.swift */,
				OBJ_28 /* ProductionCompany.swift */,
				OBJ_29 /* ProductionCountry.swift */,
				OBJ_30 /* ReleaseDate.swift */,
				OBJ_31 /* ReleaseDateResult.swift */,
				OBJ_32 /* Review.swift */,
				OBJ_33 /* TMDBDate.swift */,
				OBJ_34 /* Translation.swift */,
				OBJ_35 /* Video.swift */,
			);
			path = Model;
			sourceTree = "<group>";
		};
		OBJ_144 /* OHHTTPStubs */ = {
			isa = PBXGroup;
			children = (
				OBJ_145 /* OHHTTPStubsCore */,
				OBJ_161 /* OHHTTPStubsSwift */,
				OBJ_163 /* Package.swift */,
			);
			name = OHHTTPStubs;
			sourceTree = SOURCE_ROOT;
		};
		OBJ_145 /* OHHTTPStubsCore */ = {
			isa = PBXGroup;
			children = (
				OBJ_146 /* NSURLRequest+HTTPBodyTesting.m */,
				OBJ_147 /* OHHTTPStubs+NSURLSessionConfiguration.m */,
				OBJ_148 /* OHHTTPStubs.m */,
				OBJ_149 /* OHHTTPStubsMethodSwizzling.m */,
				OBJ_150 /* OHHTTPStubsResponse+JSON.m */,
				OBJ_151 /* OHHTTPStubsResponse.m */,
				OBJ_152 /* OHPathHelpers.m */,
				OBJ_153 /* include */,
			);
			name = OHHTTPStubsCore;
			path = .build/checkouts/OHHTTPStubs/Sources/OHHTTPStubsCore;
			sourceTree = SOURCE_ROOT;
		};
		OBJ_153 /* include */ = {
			isa = PBXGroup;
			children = (
				OBJ_154 /* Compatibility.h */,
				OBJ_155 /* OHHTTPStubsResponse.h */,
				OBJ_156 /* NSURLRequest+HTTPBodyTesting.h */,
				OBJ_157 /* OHPathHelpers.h */,
				OBJ_158 /* OHHTTPStubs.h */,
				OBJ_159 /* OHHTTPStubsResponse+JSON.h */,
				OBJ_160 /* module.modulemap */,
			);
			path = include;
			sourceTree = "<group>";
		};
		OBJ_161 /* OHHTTPStubsSwift */ = {
			isa = PBXGroup;
			children = (
				OBJ_162 /* OHHTTPStubsSwift.swift */,
			);
			name = OHHTTPStubsSwift;
			path = .build/checkouts/OHHTTPStubs/Sources/OHHTTPStubsSwift;
			sourceTree = SOURCE_ROOT;
		};
		OBJ_164 /* Products */ = {
			isa = PBXGroup;
			children = (
				"TMDBKit::TMDBKitTests::Product" /* TMDBKitTests.xctest */,
				"OHHTTPStubs::OHHTTPStubsSwift::Product" /* OHHTTPStubsSwift.framework */,
				"Nimble::Nimble::Product" /* Nimble.framework */,
				"OHHTTPStubs::OHHTTPStubsCore::Product" /* OHHTTPStubsCore.framework */,
				"TMDBKit::TMDBKit::Product" /* TMDBKit.framework */,
			);
			name = Products;
			sourceTree = BUILT_PRODUCTS_DIR;
		};
		OBJ_36 /* Networking */ = {
			isa = PBXGroup;
			children = (
				OBJ_37 /* APIClient */,
				OBJ_42 /* Authenticator.swift */,
				OBJ_43 /* CodableEquatable.swift */,
				OBJ_44 /* Endpoints */,
				OBJ_56 /* HTTPLogger.swift */,
				OBJ_57 /* HTTPResponseHeaders.swift */,
				OBJ_58 /* NetworkClient.swift */,
				OBJ_59 /* TMDBError.swift */,
			);
			path = Networking;
			sourceTree = "<group>";
		};
		OBJ_37 /* APIClient */ = {
			isa = PBXGroup;
			children = (
				OBJ_38 /* TMDB+Movies.swift */,
				OBJ_39 /* TMDB+People.swift */,
				OBJ_40 /* TMDB+TV.swift */,
				OBJ_41 /* TMDB.swift */,
			);
			path = APIClient;
			sourceTree = "<group>";
		};
		OBJ_44 /* Endpoints */ = {
			isa = PBXGroup;
			children = (
				OBJ_45 /* Authentication.swift */,
				OBJ_46 /* DetailsAppendable.swift */,
				OBJ_47 /* Endpoint.swift */,
				OBJ_48 /* Movies.swift */,
				OBJ_49 /* People.swift */,
				OBJ_50 /* Reviews.swift */,
				OBJ_51 /* Search.swift */,
				OBJ_52 /* TV.swift */,
				OBJ_53 /* TVEpisodeGroups.swift */,
				OBJ_54 /* TVEpisodes.swift */,
				OBJ_55 /* TVSeasons.swift */,
			);
			path = Endpoints;
			sourceTree = "<group>";
		};
		OBJ_5 /*  */ = {
			isa = PBXGroup;
			children = (
				OBJ_6 /* Package.swift */,
				OBJ_7 /* Sources */,
				OBJ_77 /* Tests */,
				OBJ_84 /* Dependencies */,
				OBJ_164 /* Products */,
				OBJ_170 /* Example */,
				OBJ_171 /* project.yml */,
			);
			name = "";
			sourceTree = "<group>";
		};
		OBJ_60 /* Responses */ = {
			isa = PBXGroup;
			children = (
				OBJ_61 /* AlternativeTitlesResponse.swift */,
				OBJ_62 /* ChangesResponse.swift */,
				OBJ_63 /* CreditsResponse.swift */,
				OBJ_64 /* ImagesResponse.swift */,
				OBJ_65 /* KeywordsResponse.swift */,
				OBJ_66 /* ListsResponse.swift */,
				OBJ_67 /* NowPlayingMoviesResponse.swift */,
				OBJ_68 /* People */,
				OBJ_72 /* PopularMoviesResponse.swift */,
				OBJ_73 /* ReleaseDatesResponse.swift */,
				OBJ_74 /* ReviewsResponse.swift */,
				OBJ_75 /* TranslationsResponse.swift */,
				OBJ_76 /* VideosResponse.swift */,
			);
			path = Responses;
			sourceTree = "<group>";
		};
		OBJ_68 /* People */ = {
			isa = PBXGroup;
			children = (
				OBJ_69 /* PersonDetailsResponse.swift */,
				OBJ_70 /* PersonImageResponse.swift */,
				OBJ_71 /* PersonCreditsResponse.swift */,
				25D3CD52237E966C00DE5D38 /* TaggedImageResponse.swift */,
			);
			path = People;
			sourceTree = "<group>";
		};
		OBJ_7 /* Sources */ = {
			isa = PBXGroup;
			children = (
				OBJ_8 /* TMDBKit */,
			);
			name = Sources;
			sourceTree = SOURCE_ROOT;
		};
		OBJ_77 /* Tests */ = {
			isa = PBXGroup;
			children = (
				OBJ_78 /* TMDBKitTests */,
			);
			name = Tests;
			sourceTree = SOURCE_ROOT;
		};
		OBJ_78 /* TMDBKitTests */ = {
			isa = PBXGroup;
			children = (
				OBJ_79 /* Info.plist */,
				OBJ_80 /* MockAuth.swift */,
				OBJ_81 /* MovieEndpointTests.swift */,
				OBJ_82 /* PeopleEnpointTests.swift */,
				OBJ_83 /* StubHelper.swift */,
			);
			name = TMDBKitTests;
			path = Tests/TMDBKitTests;
			sourceTree = SOURCE_ROOT;
		};
		OBJ_8 /* TMDBKit */ = {
			isa = PBXGroup;
			children = (
				OBJ_9 /* TMDBKit.h */,
				OBJ_10 /* Info.plist */,
				OBJ_11 /* Extensions */,
				OBJ_14 /* Model */,
				OBJ_36 /* Networking */,
				OBJ_60 /* Responses */,
			);
			name = TMDBKit;
			path = Sources/TMDBKit;
			sourceTree = SOURCE_ROOT;
		};
		OBJ_84 /* Dependencies */ = {
			isa = PBXGroup;
			children = (
				OBJ_85 /* Nimble 8.0.2 */,
				OBJ_144 /* OHHTTPStubs */,
			);
			name = Dependencies;
			sourceTree = "<group>";
		};
		OBJ_85 /* Nimble 8.0.2 */ = {
			isa = PBXGroup;
			children = (
				OBJ_86 /* Nimble */,
				OBJ_143 /* Package.swift */,
			);
			name = "Nimble 8.0.2";
			sourceTree = SOURCE_ROOT;
		};
		OBJ_86 /* Nimble */ = {
			isa = PBXGroup;
			children = (
				OBJ_87 /* Adapters */,
				OBJ_97 /* DSL+Wait.swift */,
				OBJ_98 /* DSL.swift */,
				OBJ_99 /* Expectation.swift */,
				OBJ_100 /* ExpectationMessage.swift */,
				OBJ_101 /* Expression.swift */,
				OBJ_102 /* FailureMessage.swift */,
				OBJ_103 /* Matchers */,
				OBJ_137 /* Utils */,
			);
			name = Nimble;
			path = .build/checkouts/Nimble/Sources/Nimble;
			sourceTree = SOURCE_ROOT;
		};
		OBJ_87 /* Adapters */ = {
			isa = PBXGroup;
			children = (
				OBJ_88 /* AdapterProtocols.swift */,
				OBJ_89 /* AssertionDispatcher.swift */,
				OBJ_90 /* AssertionRecorder.swift */,
				OBJ_91 /* NMBExpectation.swift */,
				OBJ_92 /* NMBObjCMatcher.swift */,
				OBJ_93 /* NimbleEnvironment.swift */,
				OBJ_94 /* NimbleXCTestHandler.swift */,
				OBJ_95 /* NonObjectiveC */,
			);
			path = Adapters;
			sourceTree = "<group>";
		};
		OBJ_95 /* NonObjectiveC */ = {
			isa = PBXGroup;
			children = (
				OBJ_96 /* ExceptionCapture.swift */,
			);
			path = NonObjectiveC;
			sourceTree = "<group>";
		};
/* End PBXGroup section */

/* Begin PBXNativeTarget section */
		"Nimble::Nimble" /* Nimble */ = {
			isa = PBXNativeTarget;
			buildConfigurationList = OBJ_173 /* Build configuration list for PBXNativeTarget "Nimble" */;
			buildPhases = (
				OBJ_176 /* Sources */,
				OBJ_229 /* Frameworks */,
			);
			buildRules = (
			);
			dependencies = (
			);
			name = Nimble;
			productName = Nimble;
			productReference = "Nimble::Nimble::Product" /* Nimble.framework */;
			productType = "com.apple.product-type.framework";
		};
		"Nimble::SwiftPMPackageDescription" /* NimblePackageDescription */ = {
			isa = PBXNativeTarget;
			buildConfigurationList = OBJ_231 /* Build configuration list for PBXNativeTarget "NimblePackageDescription" */;
			buildPhases = (
				OBJ_234 /* Sources */,
			);
			buildRules = (
			);
			dependencies = (
			);
			name = NimblePackageDescription;
			productName = NimblePackageDescription;
			productType = "com.apple.product-type.framework";
		};
		"OHHTTPStubs::OHHTTPStubsCore" /* OHHTTPStubsCore */ = {
			isa = PBXNativeTarget;
			buildConfigurationList = OBJ_237 /* Build configuration list for PBXNativeTarget "OHHTTPStubsCore" */;
			buildPhases = (
				OBJ_240 /* Sources */,
				OBJ_248 /* Frameworks */,
			);
			buildRules = (
			);
			dependencies = (
			);
			name = OHHTTPStubsCore;
			productName = OHHTTPStubsCore;
			productReference = "OHHTTPStubs::OHHTTPStubsCore::Product" /* OHHTTPStubsCore.framework */;
			productType = "com.apple.product-type.framework";
		};
		"OHHTTPStubs::OHHTTPStubsSwift" /* OHHTTPStubsSwift */ = {
			isa = PBXNativeTarget;
			buildConfigurationList = OBJ_256 /* Build configuration list for PBXNativeTarget "OHHTTPStubsSwift" */;
			buildPhases = (
				OBJ_259 /* Sources */,
				OBJ_261 /* Frameworks */,
			);
			buildRules = (
			);
			dependencies = (
				OBJ_263 /* PBXTargetDependency */,
			);
			name = OHHTTPStubsSwift;
			productName = OHHTTPStubsSwift;
			productReference = "OHHTTPStubs::OHHTTPStubsSwift::Product" /* OHHTTPStubsSwift.framework */;
			productType = "com.apple.product-type.framework";
		};
		"OHHTTPStubs::SwiftPMPackageDescription" /* OHHTTPStubsPackageDescription */ = {
			isa = PBXNativeTarget;
			buildConfigurationList = OBJ_250 /* Build configuration list for PBXNativeTarget "OHHTTPStubsPackageDescription" */;
			buildPhases = (
				OBJ_253 /* Sources */,
			);
			buildRules = (
			);
			dependencies = (
			);
			name = OHHTTPStubsPackageDescription;
			productName = OHHTTPStubsPackageDescription;
			productType = "com.apple.product-type.framework";
		};
		"TMDBKit::SwiftPMPackageDescription" /* TMDBKitPackageDescription */ = {
			isa = PBXNativeTarget;
			buildConfigurationList = OBJ_330 /* Build configuration list for PBXNativeTarget "TMDBKitPackageDescription" */;
			buildPhases = (
				OBJ_333 /* Sources */,
			);
			buildRules = (
			);
			dependencies = (
			);
			name = TMDBKitPackageDescription;
			productName = TMDBKitPackageDescription;
			productType = "com.apple.product-type.framework";
		};
		"TMDBKit::TMDBKit" /* TMDBKit */ = {
			isa = PBXNativeTarget;
			buildConfigurationList = OBJ_265 /* Build configuration list for PBXNativeTarget "TMDBKit" */;
			buildPhases = (
				OBJ_268 /* Sources */,
				OBJ_328 /* Frameworks */,
			);
			buildRules = (
			);
			dependencies = (
			);
			name = TMDBKit;
			productName = TMDBKit;
			productReference = "TMDBKit::TMDBKit::Product" /* TMDBKit.framework */;
			productType = "com.apple.product-type.framework";
		};
		"TMDBKit::TMDBKitTests" /* TMDBKitTests */ = {
			isa = PBXNativeTarget;
			buildConfigurationList = OBJ_341 /* Build configuration list for PBXNativeTarget "TMDBKitTests" */;
			buildPhases = (
				OBJ_344 /* Sources */,
				OBJ_349 /* Frameworks */,
			);
			buildRules = (
			);
			dependencies = (
				OBJ_354 /* PBXTargetDependency */,
				OBJ_355 /* PBXTargetDependency */,
				OBJ_356 /* PBXTargetDependency */,
				OBJ_357 /* PBXTargetDependency */,
			);
			name = TMDBKitTests;
			productName = TMDBKitTests;
			productReference = "TMDBKit::TMDBKitTests::Product" /* TMDBKitTests.xctest */;
			productType = "com.apple.product-type.bundle.unit-test";
		};
/* End PBXNativeTarget section */

/* Begin PBXProject section */
		OBJ_1 /* Project object */ = {
			isa = PBXProject;
			attributes = {
				LastSwiftMigration = 9999;
				LastUpgradeCheck = 9999;
			};
			buildConfigurationList = OBJ_2 /* Build configuration list for PBXProject "TMDBKit" */;
			compatibilityVersion = "Xcode 3.2";
			developmentRegion = en;
			hasScannedForEncodings = 0;
			knownRegions = (
				en,
			);
			mainGroup = OBJ_5 /*  */;
			productRefGroup = OBJ_164 /* Products */;
			projectDirPath = "";
			projectRoot = "";
			targets = (
				"Nimble::Nimble" /* Nimble */,
				"Nimble::SwiftPMPackageDescription" /* NimblePackageDescription */,
				"OHHTTPStubs::OHHTTPStubsCore" /* OHHTTPStubsCore */,
				"OHHTTPStubs::SwiftPMPackageDescription" /* OHHTTPStubsPackageDescription */,
				"OHHTTPStubs::OHHTTPStubsSwift" /* OHHTTPStubsSwift */,
				"TMDBKit::TMDBKit" /* TMDBKit */,
				"TMDBKit::SwiftPMPackageDescription" /* TMDBKitPackageDescription */,
				"TMDBKit::TMDBKitPackageTests::ProductTarget" /* TMDBKitPackageTests */,
				"TMDBKit::TMDBKitTests" /* TMDBKitTests */,
			);
		};
/* End PBXProject section */

/* Begin PBXSourcesBuildPhase section */
		OBJ_176 /* Sources */ = {
			isa = PBXSourcesBuildPhase;
			buildActionMask = 0;
			files = (
				OBJ_177 /* AdapterProtocols.swift in Sources */,
				OBJ_178 /* AssertionDispatcher.swift in Sources */,
				OBJ_179 /* AssertionRecorder.swift in Sources */,
				OBJ_180 /* NMBExpectation.swift in Sources */,
				OBJ_181 /* NMBObjCMatcher.swift in Sources */,
				OBJ_182 /* NimbleEnvironment.swift in Sources */,
				OBJ_183 /* NimbleXCTestHandler.swift in Sources */,
				OBJ_184 /* ExceptionCapture.swift in Sources */,
				OBJ_185 /* DSL+Wait.swift in Sources */,
				OBJ_186 /* DSL.swift in Sources */,
				OBJ_187 /* Expectation.swift in Sources */,
				OBJ_188 /* ExpectationMessage.swift in Sources */,
				OBJ_189 /* Expression.swift in Sources */,
				OBJ_190 /* FailureMessage.swift in Sources */,
				OBJ_191 /* AllPass.swift in Sources */,
				OBJ_192 /* Async.swift in Sources */,
				OBJ_193 /* BeAKindOf.swift in Sources */,
				OBJ_194 /* BeAnInstanceOf.swift in Sources */,
				OBJ_195 /* BeCloseTo.swift in Sources */,
				OBJ_196 /* BeEmpty.swift in Sources */,
				OBJ_197 /* BeGreaterThan.swift in Sources */,
				OBJ_198 /* BeGreaterThanOrEqualTo.swift in Sources */,
				OBJ_199 /* BeIdenticalTo.swift in Sources */,
				OBJ_200 /* BeLessThan.swift in Sources */,
				OBJ_201 /* BeLessThanOrEqual.swift in Sources */,
				OBJ_202 /* BeLogical.swift in Sources */,
				OBJ_203 /* BeNil.swift in Sources */,
				OBJ_204 /* BeVoid.swift in Sources */,
				OBJ_205 /* BeginWith.swift in Sources */,
				OBJ_206 /* Contain.swift in Sources */,
				OBJ_207 /* ContainElementSatisfying.swift in Sources */,
				OBJ_208 /* ElementsEqual.swift in Sources */,
				OBJ_209 /* EndWith.swift in Sources */,
				OBJ_210 /* Equal.swift in Sources */,
				OBJ_211 /* HaveCount.swift in Sources */,
				OBJ_212 /* Match.swift in Sources */,
				OBJ_213 /* MatchError.swift in Sources */,
				OBJ_214 /* MatcherFunc.swift in Sources */,
				OBJ_215 /* MatcherProtocols.swift in Sources */,
				OBJ_216 /* PostNotification.swift in Sources */,
				OBJ_217 /* Predicate.swift in Sources */,
				OBJ_218 /* RaisesException.swift in Sources */,
				OBJ_219 /* SatisfyAllOf.swift in Sources */,
				OBJ_220 /* SatisfyAnyOf.swift in Sources */,
				OBJ_221 /* ThrowAssertion.swift in Sources */,
				OBJ_222 /* ThrowError.swift in Sources */,
				OBJ_223 /* ToSucceed.swift in Sources */,
				OBJ_224 /* Await.swift in Sources */,
				OBJ_225 /* Errors.swift in Sources */,
				OBJ_226 /* Functional.swift in Sources */,
				OBJ_227 /* SourceLocation.swift in Sources */,
				OBJ_228 /* Stringers.swift in Sources */,
			);
			runOnlyForDeploymentPostprocessing = 0;
		};
		OBJ_234 /* Sources */ = {
			isa = PBXSourcesBuildPhase;
			buildActionMask = 0;
			files = (
				OBJ_235 /* Package.swift in Sources */,
			);
			runOnlyForDeploymentPostprocessing = 0;
		};
		OBJ_240 /* Sources */ = {
			isa = PBXSourcesBuildPhase;
			buildActionMask = 0;
			files = (
				OBJ_241 /* NSURLRequest+HTTPBodyTesting.m in Sources */,
				OBJ_242 /* OHHTTPStubs+NSURLSessionConfiguration.m in Sources */,
				OBJ_243 /* OHHTTPStubs.m in Sources */,
				OBJ_244 /* OHHTTPStubsMethodSwizzling.m in Sources */,
				OBJ_245 /* OHHTTPStubsResponse+JSON.m in Sources */,
				OBJ_246 /* OHHTTPStubsResponse.m in Sources */,
				OBJ_247 /* OHPathHelpers.m in Sources */,
			);
			runOnlyForDeploymentPostprocessing = 0;
		};
		OBJ_253 /* Sources */ = {
			isa = PBXSourcesBuildPhase;
			buildActionMask = 0;
			files = (
				OBJ_254 /* Package.swift in Sources */,
			);
			runOnlyForDeploymentPostprocessing = 0;
		};
		OBJ_259 /* Sources */ = {
			isa = PBXSourcesBuildPhase;
			buildActionMask = 0;
			files = (
				OBJ_260 /* OHHTTPStubsSwift.swift in Sources */,
			);
			runOnlyForDeploymentPostprocessing = 0;
		};
		OBJ_268 /* Sources */ = {
			isa = PBXSourcesBuildPhase;
			buildActionMask = 0;
			files = (
				OBJ_269 /* Result+TMDBKit.swift in Sources */,
				OBJ_270 /* URL+QueryItem.swift in Sources */,
				OBJ_271 /* AlternativeTitle.swift in Sources */,
				OBJ_272 /* Cast.swift in Sources */,
				OBJ_273 /* Change.swift in Sources */,
				OBJ_274 /* Crew.swift in Sources */,
				OBJ_275 /* ExternalIds.swift in Sources */,
				OBJ_276 /* Genre.swift in Sources */,
				OBJ_277 /* Keyword.swift in Sources */,
				OBJ_278 /* Language.swift in Sources */,
				OBJ_279 /* List.swift in Sources */,
				OBJ_280 /* Movie.swift in Sources */,
				OBJ_281 /* MovieCollection.swift in Sources */,
				OBJ_282 /* MovieFragment.swift in Sources */,
				OBJ_283 /* Poster.swift in Sources */,
				OBJ_284 /* ProductionCompany.swift in Sources */,
				OBJ_285 /* ProductionCountry.swift in Sources */,
				OBJ_286 /* ReleaseDate.swift in Sources */,
				25D3CD57237EF9AC00DE5D38 /* Media.swift in Sources */,
				OBJ_287 /* ReleaseDateResult.swift in Sources */,
				OBJ_288 /* Review.swift in Sources */,
				OBJ_289 /* TMDBDate.swift in Sources */,
				OBJ_290 /* Translation.swift in Sources */,
				OBJ_291 /* Video.swift in Sources */,
				OBJ_292 /* TMDB+Movies.swift in Sources */,
				OBJ_293 /* TMDB+People.swift in Sources */,
				OBJ_294 /* TMDB+TV.swift in Sources */,
				OBJ_295 /* TMDB.swift in Sources */,
				OBJ_296 /* Authenticator.swift in Sources */,
				OBJ_297 /* CodableEquatable.swift in Sources */,
				OBJ_298 /* Authentication.swift in Sources */,
				OBJ_299 /* DetailsAppendable.swift in Sources */,
				OBJ_300 /* Endpoint.swift in Sources */,
				OBJ_301 /* Movies.swift in Sources */,
				OBJ_302 /* People.swift in Sources */,
				OBJ_303 /* Reviews.swift in Sources */,
				OBJ_304 /* Search.swift in Sources */,
				OBJ_305 /* TV.swift in Sources */,
				OBJ_306 /* TVEpisodeGroups.swift in Sources */,
				OBJ_307 /* TVEpisodes.swift in Sources */,
				OBJ_308 /* TVSeasons.swift in Sources */,
				OBJ_309 /* HTTPLogger.swift in Sources */,
				OBJ_310 /* HTTPResponseHeaders.swift in Sources */,
				OBJ_311 /* NetworkClient.swift in Sources */,
				OBJ_312 /* TMDBError.swift in Sources */,
				OBJ_313 /* AlternativeTitlesResponse.swift in Sources */,
				OBJ_314 /* ChangesResponse.swift in Sources */,
				OBJ_315 /* CreditsResponse.swift in Sources */,
				OBJ_316 /* ImagesResponse.swift in Sources */,
				OBJ_317 /* KeywordsResponse.swift in Sources */,
				OBJ_318 /* ListsResponse.swift in Sources */,
				25D3CD54237E97E200DE5D38 /* TaggedImageResponse.swift in Sources */,
				OBJ_319 /* NowPlayingMoviesResponse.swift in Sources */,
				OBJ_320 /* PersonDetailsResponse.swift in Sources */,
				OBJ_321 /* PersonImageResponse.swift in Sources */,
				OBJ_322 /* PersonCreditsResponse.swift in Sources */,
				OBJ_323 /* PopularMoviesResponse.swift in Sources */,
				OBJ_324 /* ReleaseDatesResponse.swift in Sources */,
				OBJ_325 /* ReviewsResponse.swift in Sources */,
				OBJ_326 /* TranslationsResponse.swift in Sources */,
				OBJ_327 /* VideosResponse.swift in Sources */,
			);
			runOnlyForDeploymentPostprocessing = 0;
		};
		OBJ_333 /* Sources */ = {
			isa = PBXSourcesBuildPhase;
			buildActionMask = 0;
			files = (
				OBJ_334 /* Package.swift in Sources */,
			);
			runOnlyForDeploymentPostprocessing = 0;
		};
		OBJ_344 /* Sources */ = {
			isa = PBXSourcesBuildPhase;
			buildActionMask = 0;
			files = (
				OBJ_345 /* MockAuth.swift in Sources */,
				OBJ_346 /* MovieEndpointTests.swift in Sources */,
				OBJ_347 /* PeopleEnpointTests.swift in Sources */,
				OBJ_348 /* StubHelper.swift in Sources */,
			);
			runOnlyForDeploymentPostprocessing = 0;
		};
/* End PBXSourcesBuildPhase section */

/* Begin PBXTargetDependency section */
		OBJ_263 /* PBXTargetDependency */ = {
			isa = PBXTargetDependency;
			target = "OHHTTPStubs::OHHTTPStubsCore" /* OHHTTPStubsCore */;
			targetProxy = 25D3CD4E237E8DBD00DE5D38 /* PBXContainerItemProxy */;
		};
		OBJ_339 /* PBXTargetDependency */ = {
			isa = PBXTargetDependency;
			target = "TMDBKit::TMDBKitTests" /* TMDBKitTests */;
			targetProxy = 25D3CD51237E8DBD00DE5D38 /* PBXContainerItemProxy */;
		};
		OBJ_354 /* PBXTargetDependency */ = {
			isa = PBXTargetDependency;
			target = "Nimble::Nimble" /* Nimble */;
			targetProxy = 25D3CD4C237E8DBD00DE5D38 /* PBXContainerItemProxy */;
		};
		OBJ_355 /* PBXTargetDependency */ = {
			isa = PBXTargetDependency;
			target = "OHHTTPStubs::OHHTTPStubsSwift" /* OHHTTPStubsSwift */;
			targetProxy = 25D3CD4D237E8DBD00DE5D38 /* PBXContainerItemProxy */;
		};
		OBJ_356 /* PBXTargetDependency */ = {
			isa = PBXTargetDependency;
			target = "OHHTTPStubs::OHHTTPStubsCore" /* OHHTTPStubsCore */;
			targetProxy = 25D3CD4F237E8DBD00DE5D38 /* PBXContainerItemProxy */;
		};
		OBJ_357 /* PBXTargetDependency */ = {
			isa = PBXTargetDependency;
			target = "TMDBKit::TMDBKit" /* TMDBKit */;
			targetProxy = 25D3CD50237E8DBD00DE5D38 /* PBXContainerItemProxy */;
		};
/* End PBXTargetDependency section */

/* Begin XCBuildConfiguration section */
		OBJ_174 /* Debug */ = {
			isa = XCBuildConfiguration;
			buildSettings = {
				ENABLE_TESTABILITY = YES;
				FRAMEWORK_SEARCH_PATHS = (
					"$(inherited)",
					"$(PLATFORM_DIR)/Developer/Library/Frameworks",
				);
				HEADER_SEARCH_PATHS = "$(inherited)";
				INFOPLIST_FILE = TMDBKit.xcodeproj/Nimble_Info.plist;
				IPHONEOS_DEPLOYMENT_TARGET = 8.0;
				LD_RUNPATH_SEARCH_PATHS = "$(inherited) $(TOOLCHAIN_DIR)/usr/lib/swift/macosx";
				MACOSX_DEPLOYMENT_TARGET = 10.10;
				OTHER_CFLAGS = "$(inherited)";
				OTHER_LDFLAGS = "$(inherited)";
				OTHER_SWIFT_FLAGS = "$(inherited)";
				PRODUCT_BUNDLE_IDENTIFIER = Nimble;
				PRODUCT_MODULE_NAME = "$(TARGET_NAME:c99extidentifier)";
				PRODUCT_NAME = "$(TARGET_NAME:c99extidentifier)";
				SKIP_INSTALL = YES;
				SWIFT_ACTIVE_COMPILATION_CONDITIONS = "$(inherited)";
				SWIFT_VERSION = 5.0;
				TARGET_NAME = Nimble;
				TVOS_DEPLOYMENT_TARGET = 9.0;
				WATCHOS_DEPLOYMENT_TARGET = 2.0;
			};
			name = Debug;
		};
		OBJ_175 /* Release */ = {
			isa = XCBuildConfiguration;
			buildSettings = {
				ENABLE_TESTABILITY = YES;
				FRAMEWORK_SEARCH_PATHS = (
					"$(inherited)",
					"$(PLATFORM_DIR)/Developer/Library/Frameworks",
				);
				HEADER_SEARCH_PATHS = "$(inherited)";
				INFOPLIST_FILE = TMDBKit.xcodeproj/Nimble_Info.plist;
				IPHONEOS_DEPLOYMENT_TARGET = 8.0;
				LD_RUNPATH_SEARCH_PATHS = "$(inherited) $(TOOLCHAIN_DIR)/usr/lib/swift/macosx";
				MACOSX_DEPLOYMENT_TARGET = 10.10;
				OTHER_CFLAGS = "$(inherited)";
				OTHER_LDFLAGS = "$(inherited)";
				OTHER_SWIFT_FLAGS = "$(inherited)";
				PRODUCT_BUNDLE_IDENTIFIER = Nimble;
				PRODUCT_MODULE_NAME = "$(TARGET_NAME:c99extidentifier)";
				PRODUCT_NAME = "$(TARGET_NAME:c99extidentifier)";
				SKIP_INSTALL = YES;
				SWIFT_ACTIVE_COMPILATION_CONDITIONS = "$(inherited)";
				SWIFT_VERSION = 5.0;
				TARGET_NAME = Nimble;
				TVOS_DEPLOYMENT_TARGET = 9.0;
				WATCHOS_DEPLOYMENT_TARGET = 2.0;
			};
			name = Release;
		};
		OBJ_232 /* Debug */ = {
			isa = XCBuildConfiguration;
			buildSettings = {
				LD = /usr/bin/true;
				OTHER_SWIFT_FLAGS = "-swift-version 5 -I $(TOOLCHAIN_DIR)/usr/lib/swift/pm/4_2 -target x86_64-apple-macosx10.10 -sdk /Applications/Xcode.app/Contents/Developer/Platforms/MacOSX.platform/Developer/SDKs/MacOSX10.15.sdk -package-description-version 5";
				SWIFT_VERSION = 5.0;
			};
			name = Debug;
		};
		OBJ_233 /* Release */ = {
			isa = XCBuildConfiguration;
			buildSettings = {
				LD = /usr/bin/true;
				OTHER_SWIFT_FLAGS = "-swift-version 5 -I $(TOOLCHAIN_DIR)/usr/lib/swift/pm/4_2 -target x86_64-apple-macosx10.10 -sdk /Applications/Xcode.app/Contents/Developer/Platforms/MacOSX.platform/Developer/SDKs/MacOSX10.15.sdk -package-description-version 5";
				SWIFT_VERSION = 5.0;
			};
			name = Release;
		};
		OBJ_238 /* Debug */ = {
			isa = XCBuildConfiguration;
			buildSettings = {
				DEFINES_MODULE = NO;
				ENABLE_TESTABILITY = YES;
				FRAMEWORK_SEARCH_PATHS = (
					"$(inherited)",
					"$(PLATFORM_DIR)/Developer/Library/Frameworks",
				);
				HEADER_SEARCH_PATHS = (
					"$(inherited)",
					"$(SRCROOT)/.build/checkouts/OHHTTPStubs/Sources/OHHTTPStubsCore/include",
				);
				INFOPLIST_FILE = TMDBKit.xcodeproj/OHHTTPStubsCore_Info.plist;
				LD_RUNPATH_SEARCH_PATHS = "$(inherited) $(TOOLCHAIN_DIR)/usr/lib/swift/macosx";
				OTHER_CFLAGS = "$(inherited)";
				OTHER_LDFLAGS = "$(inherited)";
				OTHER_SWIFT_FLAGS = "$(inherited)";
				PRODUCT_BUNDLE_IDENTIFIER = OHHTTPStubsCore;
				PRODUCT_MODULE_NAME = "$(TARGET_NAME:c99extidentifier)";
				PRODUCT_NAME = "$(TARGET_NAME:c99extidentifier)";
				SKIP_INSTALL = YES;
				SWIFT_ACTIVE_COMPILATION_CONDITIONS = "$(inherited)";
				TARGET_NAME = OHHTTPStubsCore;
			};
			name = Debug;
		};
		OBJ_239 /* Release */ = {
			isa = XCBuildConfiguration;
			buildSettings = {
				DEFINES_MODULE = NO;
				ENABLE_TESTABILITY = YES;
				FRAMEWORK_SEARCH_PATHS = (
					"$(inherited)",
					"$(PLATFORM_DIR)/Developer/Library/Frameworks",
				);
				HEADER_SEARCH_PATHS = (
					"$(inherited)",
					"$(SRCROOT)/.build/checkouts/OHHTTPStubs/Sources/OHHTTPStubsCore/include",
				);
				INFOPLIST_FILE = TMDBKit.xcodeproj/OHHTTPStubsCore_Info.plist;
				LD_RUNPATH_SEARCH_PATHS = "$(inherited) $(TOOLCHAIN_DIR)/usr/lib/swift/macosx";
				OTHER_CFLAGS = "$(inherited)";
				OTHER_LDFLAGS = "$(inherited)";
				OTHER_SWIFT_FLAGS = "$(inherited)";
				PRODUCT_BUNDLE_IDENTIFIER = OHHTTPStubsCore;
				PRODUCT_MODULE_NAME = "$(TARGET_NAME:c99extidentifier)";
				PRODUCT_NAME = "$(TARGET_NAME:c99extidentifier)";
				SKIP_INSTALL = YES;
				SWIFT_ACTIVE_COMPILATION_CONDITIONS = "$(inherited)";
				TARGET_NAME = OHHTTPStubsCore;
			};
			name = Release;
		};
		OBJ_251 /* Debug */ = {
			isa = XCBuildConfiguration;
			buildSettings = {
				LD = /usr/bin/true;
				OTHER_SWIFT_FLAGS = "-swift-version 4 -I $(TOOLCHAIN_DIR)/usr/lib/swift/pm/4 -target x86_64-apple-macosx10.10 -sdk /Applications/Xcode.app/Contents/Developer/Platforms/MacOSX.platform/Developer/SDKs/MacOSX10.15.sdk -package-description-version 4";
				SWIFT_VERSION = 4.0;
			};
			name = Debug;
		};
		OBJ_252 /* Release */ = {
			isa = XCBuildConfiguration;
			buildSettings = {
				LD = /usr/bin/true;
				OTHER_SWIFT_FLAGS = "-swift-version 4 -I $(TOOLCHAIN_DIR)/usr/lib/swift/pm/4 -target x86_64-apple-macosx10.10 -sdk /Applications/Xcode.app/Contents/Developer/Platforms/MacOSX.platform/Developer/SDKs/MacOSX10.15.sdk -package-description-version 4";
				SWIFT_VERSION = 4.0;
			};
			name = Release;
		};
		OBJ_257 /* Debug */ = {
			isa = XCBuildConfiguration;
			buildSettings = {
				ENABLE_TESTABILITY = YES;
				FRAMEWORK_SEARCH_PATHS = (
					"$(inherited)",
					"$(PLATFORM_DIR)/Developer/Library/Frameworks",
				);
				HEADER_SEARCH_PATHS = (
					"$(inherited)",
					"$(SRCROOT)/.build/checkouts/OHHTTPStubs/Sources/OHHTTPStubsCore/include",
					"$(SRCROOT)/TMDBKit.xcodeproj/GeneratedModuleMap/OHHTTPStubsCore",
				);
				INFOPLIST_FILE = TMDBKit.xcodeproj/OHHTTPStubsSwift_Info.plist;
				LD_RUNPATH_SEARCH_PATHS = "$(inherited) $(TOOLCHAIN_DIR)/usr/lib/swift/macosx";
				OTHER_CFLAGS = "$(inherited)";
				OTHER_LDFLAGS = "$(inherited)";
				OTHER_SWIFT_FLAGS = "$(inherited) -Xcc -fmodule-map-file=$(SRCROOT)/TMDBKit.xcodeproj/GeneratedModuleMap/OHHTTPStubsCore/module.modulemap";
				PRODUCT_BUNDLE_IDENTIFIER = OHHTTPStubsSwift;
				PRODUCT_MODULE_NAME = "$(TARGET_NAME:c99extidentifier)";
				PRODUCT_NAME = "$(TARGET_NAME:c99extidentifier)";
				SKIP_INSTALL = YES;
				SWIFT_ACTIVE_COMPILATION_CONDITIONS = "$(inherited)";
				SWIFT_VERSION = 4.0;
				TARGET_NAME = OHHTTPStubsSwift;
			};
			name = Debug;
		};
		OBJ_258 /* Release */ = {
			isa = XCBuildConfiguration;
			buildSettings = {
				ENABLE_TESTABILITY = YES;
				FRAMEWORK_SEARCH_PATHS = (
					"$(inherited)",
					"$(PLATFORM_DIR)/Developer/Library/Frameworks",
				);
				HEADER_SEARCH_PATHS = (
					"$(inherited)",
					"$(SRCROOT)/.build/checkouts/OHHTTPStubs/Sources/OHHTTPStubsCore/include",
					"$(SRCROOT)/TMDBKit.xcodeproj/GeneratedModuleMap/OHHTTPStubsCore",
				);
				INFOPLIST_FILE = TMDBKit.xcodeproj/OHHTTPStubsSwift_Info.plist;
				LD_RUNPATH_SEARCH_PATHS = "$(inherited) $(TOOLCHAIN_DIR)/usr/lib/swift/macosx";
				OTHER_CFLAGS = "$(inherited)";
				OTHER_LDFLAGS = "$(inherited)";
				OTHER_SWIFT_FLAGS = "$(inherited) -Xcc -fmodule-map-file=$(SRCROOT)/TMDBKit.xcodeproj/GeneratedModuleMap/OHHTTPStubsCore/module.modulemap";
				PRODUCT_BUNDLE_IDENTIFIER = OHHTTPStubsSwift;
				PRODUCT_MODULE_NAME = "$(TARGET_NAME:c99extidentifier)";
				PRODUCT_NAME = "$(TARGET_NAME:c99extidentifier)";
				SKIP_INSTALL = YES;
				SWIFT_ACTIVE_COMPILATION_CONDITIONS = "$(inherited)";
				SWIFT_VERSION = 4.0;
				TARGET_NAME = OHHTTPStubsSwift;
			};
			name = Release;
		};
		OBJ_266 /* Debug */ = {
			isa = XCBuildConfiguration;
			buildSettings = {
				ENABLE_TESTABILITY = YES;
				FRAMEWORK_SEARCH_PATHS = (
					"$(inherited)",
					"$(PLATFORM_DIR)/Developer/Library/Frameworks",
				);
				HEADER_SEARCH_PATHS = "$(inherited)";
				INFOPLIST_FILE = TMDBKit.xcodeproj/TMDBKit_Info.plist;
				IPHONEOS_DEPLOYMENT_TARGET = 8.0;
				LD_RUNPATH_SEARCH_PATHS = "$(inherited) $(TOOLCHAIN_DIR)/usr/lib/swift/macosx";
				MACOSX_DEPLOYMENT_TARGET = 10.10;
				OTHER_CFLAGS = "$(inherited)";
				OTHER_LDFLAGS = "$(inherited)";
				OTHER_SWIFT_FLAGS = "$(inherited)";
				PRODUCT_BUNDLE_IDENTIFIER = TMDBKit;
				PRODUCT_MODULE_NAME = "$(TARGET_NAME:c99extidentifier)";
				PRODUCT_NAME = "$(TARGET_NAME:c99extidentifier)";
				SKIP_INSTALL = YES;
				SWIFT_ACTIVE_COMPILATION_CONDITIONS = "$(inherited)";
				SWIFT_VERSION = 5.0;
				TARGET_NAME = TMDBKit;
				TVOS_DEPLOYMENT_TARGET = 9.0;
				WATCHOS_DEPLOYMENT_TARGET = 2.0;
			};
			name = Debug;
		};
		OBJ_267 /* Release */ = {
			isa = XCBuildConfiguration;
			buildSettings = {
				ENABLE_TESTABILITY = YES;
				FRAMEWORK_SEARCH_PATHS = (
					"$(inherited)",
					"$(PLATFORM_DIR)/Developer/Library/Frameworks",
				);
				HEADER_SEARCH_PATHS = "$(inherited)";
				INFOPLIST_FILE = TMDBKit.xcodeproj/TMDBKit_Info.plist;
				IPHONEOS_DEPLOYMENT_TARGET = 8.0;
				LD_RUNPATH_SEARCH_PATHS = "$(inherited) $(TOOLCHAIN_DIR)/usr/lib/swift/macosx";
				MACOSX_DEPLOYMENT_TARGET = 10.10;
				OTHER_CFLAGS = "$(inherited)";
				OTHER_LDFLAGS = "$(inherited)";
				OTHER_SWIFT_FLAGS = "$(inherited)";
				PRODUCT_BUNDLE_IDENTIFIER = TMDBKit;
				PRODUCT_MODULE_NAME = "$(TARGET_NAME:c99extidentifier)";
				PRODUCT_NAME = "$(TARGET_NAME:c99extidentifier)";
				SKIP_INSTALL = YES;
				SWIFT_ACTIVE_COMPILATION_CONDITIONS = "$(inherited)";
				SWIFT_VERSION = 5.0;
				TARGET_NAME = TMDBKit;
				TVOS_DEPLOYMENT_TARGET = 9.0;
				WATCHOS_DEPLOYMENT_TARGET = 2.0;
			};
			name = Release;
		};
		OBJ_3 /* Debug */ = {
			isa = XCBuildConfiguration;
			buildSettings = {
				CLANG_ENABLE_OBJC_ARC = YES;
				COMBINE_HIDPI_IMAGES = YES;
				COPY_PHASE_STRIP = NO;
				DEBUG_INFORMATION_FORMAT = dwarf;
				DYLIB_INSTALL_NAME_BASE = "@rpath";
				ENABLE_NS_ASSERTIONS = YES;
				GCC_OPTIMIZATION_LEVEL = 0;
				GCC_PREPROCESSOR_DEFINITIONS = (
					"$(inherited)",
					"SWIFT_PACKAGE=1",
					"DEBUG=1",
				);
				MACOSX_DEPLOYMENT_TARGET = 10.10;
				ONLY_ACTIVE_ARCH = YES;
				OTHER_SWIFT_FLAGS = "$(inherited) -DXcode";
				PRODUCT_NAME = "$(TARGET_NAME)";
				SDKROOT = macosx;
				SUPPORTED_PLATFORMS = "macosx iphoneos iphonesimulator appletvos appletvsimulator watchos watchsimulator";
				SWIFT_ACTIVE_COMPILATION_CONDITIONS = "$(inherited) SWIFT_PACKAGE DEBUG";
				SWIFT_OPTIMIZATION_LEVEL = "-Onone";
				USE_HEADERMAP = NO;
			};
			name = Debug;
		};
		OBJ_331 /* Debug */ = {
			isa = XCBuildConfiguration;
			buildSettings = {
				LD = /usr/bin/true;
				OTHER_SWIFT_FLAGS = "-swift-version 5 -I $(TOOLCHAIN_DIR)/usr/lib/swift/pm/4_2 -target x86_64-apple-macosx10.10 -sdk /Applications/Xcode.app/Contents/Developer/Platforms/MacOSX.platform/Developer/SDKs/MacOSX10.15.sdk -package-description-version 5.1";
				SWIFT_VERSION = 5.0;
			};
			name = Debug;
		};
		OBJ_332 /* Release */ = {
			isa = XCBuildConfiguration;
			buildSettings = {
				LD = /usr/bin/true;
				OTHER_SWIFT_FLAGS = "-swift-version 5 -I $(TOOLCHAIN_DIR)/usr/lib/swift/pm/4_2 -target x86_64-apple-macosx10.10 -sdk /Applications/Xcode.app/Contents/Developer/Platforms/MacOSX.platform/Developer/SDKs/MacOSX10.15.sdk -package-description-version 5.1";
				SWIFT_VERSION = 5.0;
			};
			name = Release;
		};
		OBJ_337 /* Debug */ = {
			isa = XCBuildConfiguration;
			buildSettings = {
			};
			name = Debug;
		};
		OBJ_338 /* Release */ = {
			isa = XCBuildConfiguration;
			buildSettings = {
			};
			name = Release;
		};
		OBJ_342 /* Debug */ = {
			isa = XCBuildConfiguration;
			buildSettings = {
				CLANG_ENABLE_MODULES = YES;
				EMBEDDED_CONTENT_CONTAINS_SWIFT = YES;
				FRAMEWORK_SEARCH_PATHS = (
					"$(inherited)",
					"$(PLATFORM_DIR)/Developer/Library/Frameworks",
				);
				HEADER_SEARCH_PATHS = (
					"$(inherited)",
					"$(SRCROOT)/.build/checkouts/OHHTTPStubs/Sources/OHHTTPStubsCore/include",
					"$(SRCROOT)/TMDBKit.xcodeproj/GeneratedModuleMap/OHHTTPStubsCore",
				);
				INFOPLIST_FILE = TMDBKit.xcodeproj/TMDBKitTests_Info.plist;
				IPHONEOS_DEPLOYMENT_TARGET = 8.0;
				LD_RUNPATH_SEARCH_PATHS = "$(inherited) @loader_path/../Frameworks @loader_path/Frameworks";
				MACOSX_DEPLOYMENT_TARGET = 10.10;
				OTHER_CFLAGS = "$(inherited)";
				OTHER_LDFLAGS = "$(inherited)";
				OTHER_SWIFT_FLAGS = "$(inherited) -Xcc -fmodule-map-file=$(SRCROOT)/TMDBKit.xcodeproj/GeneratedModuleMap/OHHTTPStubsCore/module.modulemap";
				SWIFT_ACTIVE_COMPILATION_CONDITIONS = "$(inherited)";
				SWIFT_VERSION = 5.0;
				TARGET_NAME = TMDBKitTests;
				TVOS_DEPLOYMENT_TARGET = 9.0;
				WATCHOS_DEPLOYMENT_TARGET = 2.0;
			};
			name = Debug;
		};
		OBJ_343 /* Release */ = {
			isa = XCBuildConfiguration;
			buildSettings = {
				CLANG_ENABLE_MODULES = YES;
				EMBEDDED_CONTENT_CONTAINS_SWIFT = YES;
				FRAMEWORK_SEARCH_PATHS = (
					"$(inherited)",
					"$(PLATFORM_DIR)/Developer/Library/Frameworks",
				);
				HEADER_SEARCH_PATHS = (
					"$(inherited)",
					"$(SRCROOT)/.build/checkouts/OHHTTPStubs/Sources/OHHTTPStubsCore/include",
					"$(SRCROOT)/TMDBKit.xcodeproj/GeneratedModuleMap/OHHTTPStubsCore",
				);
				INFOPLIST_FILE = TMDBKit.xcodeproj/TMDBKitTests_Info.plist;
				IPHONEOS_DEPLOYMENT_TARGET = 8.0;
				LD_RUNPATH_SEARCH_PATHS = "$(inherited) @loader_path/../Frameworks @loader_path/Frameworks";
				MACOSX_DEPLOYMENT_TARGET = 10.10;
				OTHER_CFLAGS = "$(inherited)";
				OTHER_LDFLAGS = "$(inherited)";
				OTHER_SWIFT_FLAGS = "$(inherited) -Xcc -fmodule-map-file=$(SRCROOT)/TMDBKit.xcodeproj/GeneratedModuleMap/OHHTTPStubsCore/module.modulemap";
				SWIFT_ACTIVE_COMPILATION_CONDITIONS = "$(inherited)";
				SWIFT_VERSION = 5.0;
				TARGET_NAME = TMDBKitTests;
				TVOS_DEPLOYMENT_TARGET = 9.0;
				WATCHOS_DEPLOYMENT_TARGET = 2.0;
			};
			name = Release;
		};
		OBJ_4 /* Release */ = {
			isa = XCBuildConfiguration;
			buildSettings = {
				CLANG_ENABLE_OBJC_ARC = YES;
				COMBINE_HIDPI_IMAGES = YES;
				COPY_PHASE_STRIP = YES;
				DEBUG_INFORMATION_FORMAT = "dwarf-with-dsym";
				DYLIB_INSTALL_NAME_BASE = "@rpath";
				GCC_OPTIMIZATION_LEVEL = s;
				GCC_PREPROCESSOR_DEFINITIONS = (
					"$(inherited)",
					"SWIFT_PACKAGE=1",
				);
				MACOSX_DEPLOYMENT_TARGET = 10.10;
				OTHER_SWIFT_FLAGS = "$(inherited) -DXcode";
				PRODUCT_NAME = "$(TARGET_NAME)";
				SDKROOT = macosx;
				SUPPORTED_PLATFORMS = "macosx iphoneos iphonesimulator appletvos appletvsimulator watchos watchsimulator";
				SWIFT_ACTIVE_COMPILATION_CONDITIONS = "$(inherited) SWIFT_PACKAGE";
				SWIFT_OPTIMIZATION_LEVEL = "-Owholemodule";
				USE_HEADERMAP = NO;
			};
			name = Release;
		};
/* End XCBuildConfiguration section */

/* Begin XCConfigurationList section */
		OBJ_173 /* Build configuration list for PBXNativeTarget "Nimble" */ = {
			isa = XCConfigurationList;
			buildConfigurations = (
				OBJ_174 /* Debug */,
				OBJ_175 /* Release */,
			);
			defaultConfigurationIsVisible = 0;
			defaultConfigurationName = Release;
		};
		OBJ_2 /* Build configuration list for PBXProject "TMDBKit" */ = {
			isa = XCConfigurationList;
			buildConfigurations = (
				OBJ_3 /* Debug */,
				OBJ_4 /* Release */,
			);
			defaultConfigurationIsVisible = 0;
			defaultConfigurationName = Release;
		};
		OBJ_231 /* Build configuration list for PBXNativeTarget "NimblePackageDescription" */ = {
			isa = XCConfigurationList;
			buildConfigurations = (
				OBJ_232 /* Debug */,
				OBJ_233 /* Release */,
			);
			defaultConfigurationIsVisible = 0;
			defaultConfigurationName = Release;
		};
		OBJ_237 /* Build configuration list for PBXNativeTarget "OHHTTPStubsCore" */ = {
			isa = XCConfigurationList;
			buildConfigurations = (
				OBJ_238 /* Debug */,
				OBJ_239 /* Release */,
			);
			defaultConfigurationIsVisible = 0;
			defaultConfigurationName = Release;
		};
		OBJ_250 /* Build configuration list for PBXNativeTarget "OHHTTPStubsPackageDescription" */ = {
			isa = XCConfigurationList;
			buildConfigurations = (
				OBJ_251 /* Debug */,
				OBJ_252 /* Release */,
			);
			defaultConfigurationIsVisible = 0;
			defaultConfigurationName = Release;
		};
		OBJ_256 /* Build configuration list for PBXNativeTarget "OHHTTPStubsSwift" */ = {
			isa = XCConfigurationList;
			buildConfigurations = (
				OBJ_257 /* Debug */,
				OBJ_258 /* Release */,
			);
			defaultConfigurationIsVisible = 0;
			defaultConfigurationName = Release;
		};
		OBJ_265 /* Build configuration list for PBXNativeTarget "TMDBKit" */ = {
			isa = XCConfigurationList;
			buildConfigurations = (
				OBJ_266 /* Debug */,
				OBJ_267 /* Release */,
			);
			defaultConfigurationIsVisible = 0;
			defaultConfigurationName = Release;
		};
		OBJ_330 /* Build configuration list for PBXNativeTarget "TMDBKitPackageDescription" */ = {
			isa = XCConfigurationList;
			buildConfigurations = (
				OBJ_331 /* Debug */,
				OBJ_332 /* Release */,
			);
			defaultConfigurationIsVisible = 0;
			defaultConfigurationName = Release;
		};
		OBJ_336 /* Build configuration list for PBXAggregateTarget "TMDBKitPackageTests" */ = {
			isa = XCConfigurationList;
			buildConfigurations = (
				OBJ_337 /* Debug */,
				OBJ_338 /* Release */,
			);
			defaultConfigurationIsVisible = 0;
			defaultConfigurationName = Release;
		};
		OBJ_341 /* Build configuration list for PBXNativeTarget "TMDBKitTests" */ = {
			isa = XCConfigurationList;
			buildConfigurations = (
				OBJ_342 /* Debug */,
				OBJ_343 /* Release */,
			);
			defaultConfigurationIsVisible = 0;
			defaultConfigurationName = Release;
		};
/* End XCConfigurationList section */
	};
	rootObject = OBJ_1 /* Project object */;
}
